{
  "version": 4,
  "terraform_version": "1.7.5",
  "serial": 112,
  "lineage": "267a17d5-d156-4269-6198-b5bc6097992b",
  "outputs": {
    "rules": {
      "value": {
        "apiextensions_openapi_v2_regeneration_count": {
          "aggregation_delay": "",
          "aggregation_interval": "",
          "aggregations": [
            "sum:counter"
          ],
          "auto_import": true,
          "drop": false,
          "drop_labels": [
            "crd",
            "reason"
          ],
          "keep_labels": [],
          "match_type": "",
          "metric": "apiextensions_openapi_v2_regeneration_count"
        },
        "apiextensions_openapi_v3_regeneration_count": {
          "aggregation_delay": "",
          "aggregation_interval": "",
          "aggregations": [
            "sum:counter"
          ],
          "auto_import": true,
          "drop": false,
          "drop_labels": [
            "crd",
            "group",
            "reason",
            "version"
          ],
          "keep_labels": [],
          "match_type": "",
          "metric": "apiextensions_openapi_v3_regeneration_count"
        },
        "apiserver_admission_controller_admission_duration_seconds_bucket": {
          "aggregation_delay": "",
          "aggregation_interval": "",
          "aggregations": [
            "sum:counter"
          ],
          "auto_import": true,
          "drop": false,
          "drop_labels": [
            "name",
            "operation",
            "rejected",
            "type"
          ],
          "keep_labels": [],
          "match_type": "",
          "metric": "apiserver_admission_controller_admission_duration_seconds_bucket"
        },
        "apiserver_admission_webhook_admission_duration_seconds_bucket": {
          "aggregation_delay": "",
          "aggregation_interval": "",
          "aggregations": [
            "sum:counter"
          ],
          "auto_import": true,
          "drop": false,
          "drop_labels": [
            "name",
            "operation",
            "rejected",
            "type"
          ],
          "keep_labels": [],
          "match_type": "",
          "metric": "apiserver_admission_webhook_admission_duration_seconds_bucket"
        },
        "apiserver_cache_list_fetched_objects_total": {
          "aggregation_delay": "",
          "aggregation_interval": "",
          "aggregations": [
            "sum:counter"
          ],
          "auto_import": true,
          "drop": false,
          "drop_labels": [
            "index",
            "resource_prefix"
          ],
          "keep_labels": [],
          "match_type": "",
          "metric": "apiserver_cache_list_fetched_objects_total"
        },
        "apiserver_cache_list_returned_objects_total": {
          "aggregation_delay": "",
          "aggregation_interval": "",
          "aggregations": [
            "sum:counter"
          ],
          "auto_import": true,
          "drop": false,
          "drop_labels": [
            "resource_prefix"
          ],
          "keep_labels": [],
          "match_type": "",
          "metric": "apiserver_cache_list_returned_objects_total"
        },
        "apiserver_cache_list_total": {
          "aggregation_delay": "",
          "aggregation_interval": "",
          "aggregations": [
            "sum:counter"
          ],
          "auto_import": true,
          "drop": false,
          "drop_labels": [
            "index",
            "resource_prefix"
          ],
          "keep_labels": [],
          "match_type": "",
          "metric": "apiserver_cache_list_total"
        },
        "apiserver_client_certificate_expiration_seconds_bucket": {
          "aggregation_delay": "",
          "aggregation_interval": "",
          "aggregations": [
            "sum:counter"
          ],
          "auto_import": true,
          "drop": false,
          "drop_labels": [
            "endpoint",
            "instance",
            "metrics_path",
            "namespace",
            "node",
            "service"
          ],
          "keep_labels": [],
          "match_type": "",
          "metric": "apiserver_client_certificate_expiration_seconds_bucket"
        },
        "apiserver_delegated_authn_request_duration_seconds_bucket": {
          "aggregation_delay": "",
          "aggregation_interval": "",
          "aggregations": [
            "sum:counter"
          ],
          "auto_import": true,
          "drop": false,
          "drop_labels": [
            "code",
            "instance",
            "node",
            "service"
          ],
          "keep_labels": [],
          "match_type": "",
          "metric": "apiserver_delegated_authn_request_duration_seconds_bucket"
        },
        "apiserver_flowcontrol_demand_seats_bucket": {
          "aggregation_delay": "",
          "aggregation_interval": "",
          "aggregations": [
            "sum:counter"
          ],
          "auto_import": true,
          "drop": false,
          "drop_labels": [
            "priority_level"
          ],
          "keep_labels": [],
          "match_type": "",
          "metric": "apiserver_flowcontrol_demand_seats_bucket"
        },
        "apiserver_flowcontrol_priority_level_request_utilization_bucket": {
          "aggregation_delay": "",
          "aggregation_interval": "",
          "aggregations": [
            "sum:counter"
          ],
          "auto_import": true,
          "drop": false,
          "drop_labels": [
            "phase",
            "priority_level"
          ],
          "keep_labels": [],
          "match_type": "",
          "metric": "apiserver_flowcontrol_priority_level_request_utilization_bucket"
        },
        "apiserver_flowcontrol_priority_level_seat_utilization_bucket": {
          "aggregation_delay": "",
          "aggregation_interval": "",
          "aggregations": [
            "sum:counter"
          ],
          "auto_import": true,
          "drop": false,
          "drop_labels": [
            "priority_level"
          ],
          "keep_labels": [],
          "match_type": "",
          "metric": "apiserver_flowcontrol_priority_level_seat_utilization_bucket"
        },
        "apiserver_flowcontrol_request_execution_seconds_bucket": {
          "aggregation_delay": "",
          "aggregation_interval": "",
          "aggregations": [
            "sum:counter"
          ],
          "auto_import": true,
          "drop": false,
          "drop_labels": [
            "flow_schema",
            "priority_level",
            "type"
          ],
          "keep_labels": [],
          "match_type": "",
          "metric": "apiserver_flowcontrol_request_execution_seconds_bucket"
        },
        "apiserver_flowcontrol_request_wait_duration_seconds_bucket": {
          "aggregation_delay": "",
          "aggregation_interval": "",
          "aggregations": [
            "sum:counter"
          ],
          "auto_import": true,
          "drop": false,
          "drop_labels": [
            "flow_schema",
            "priority_level"
          ],
          "keep_labels": [],
          "match_type": "",
          "metric": "apiserver_flowcontrol_request_wait_duration_seconds_bucket"
        },
        "apiserver_longrunning_requests": {
          "aggregation_delay": "",
          "aggregation_interval": "",
          "aggregations": [
            "count",
            "sum"
          ],
          "auto_import": true,
          "drop": false,
          "drop_labels": [
            "group",
            "resource",
            "scope",
            "subresource",
            "verb",
            "version"
          ],
          "keep_labels": [],
          "match_type": "",
          "metric": "apiserver_longrunning_requests"
        },
        "apiserver_request_body_size_bytes_bucket": {
          "aggregation_delay": "",
          "aggregation_interval": "",
          "aggregations": [
            "sum:counter"
          ],
          "auto_import": true,
          "drop": false,
          "drop_labels": [
            "resource",
            "verb"
          ],
          "keep_labels": [],
          "match_type": "",
          "metric": "apiserver_request_body_size_bytes_bucket"
        },
        "apiserver_request_body_size_bytes_count": {
          "aggregation_delay": "",
          "aggregation_interval": "",
          "aggregations": [
            "sum:counter"
          ],
          "auto_import": true,
          "drop": false,
          "drop_labels": [
            "resource",
            "verb"
          ],
          "keep_labels": [],
          "match_type": "",
          "metric": "apiserver_request_body_size_bytes_count"
        },
        "apiserver_request_body_size_bytes_sum": {
          "aggregation_delay": "",
          "aggregation_interval": "",
          "aggregations": [
            "sum:counter"
          ],
          "auto_import": true,
          "drop": false,
          "drop_labels": [
            "resource",
            "verb"
          ],
          "keep_labels": [],
          "match_type": "",
          "metric": "apiserver_request_body_size_bytes_sum"
        },
        "apiserver_request_duration_seconds_bucket": {
          "aggregation_delay": "",
          "aggregation_interval": "",
          "aggregations": [
            "sum:counter"
          ],
          "auto_import": true,
          "drop": false,
          "drop_labels": [
            "component",
            "dry_run",
            "group",
            "resource",
            "scope",
            "subresource",
            "verb",
            "version"
          ],
          "keep_labels": [],
          "match_type": "",
          "metric": "apiserver_request_duration_seconds_bucket"
        },
        "apiserver_request_duration_seconds_count": {
          "aggregation_delay": "",
          "aggregation_interval": "",
          "aggregations": [
            "sum:counter"
          ],
          "auto_import": true,
          "drop": false,
          "drop_labels": [
            "component",
            "dry_run",
            "group",
            "resource",
            "scope",
            "subresource",
            "verb",
            "version"
          ],
          "keep_labels": [],
          "match_type": "",
          "metric": "apiserver_request_duration_seconds_count"
        },
        "apiserver_request_duration_seconds_sum": {
          "aggregation_delay": "",
          "aggregation_interval": "",
          "aggregations": [
            "sum:counter"
          ],
          "auto_import": true,
          "drop": false,
          "drop_labels": [
            "component",
            "dry_run",
            "group",
            "resource",
            "scope",
            "subresource",
            "verb",
            "version"
          ],
          "keep_labels": [],
          "match_type": "",
          "metric": "apiserver_request_duration_seconds_sum"
        },
        "apiserver_request_sli_duration_seconds_bucket": {
          "aggregation_delay": "",
          "aggregation_interval": "",
          "aggregations": [
            "sum:counter"
          ],
          "auto_import": true,
          "drop": false,
          "drop_labels": [
            "component",
            "group",
            "resource",
            "scope",
            "subresource",
            "verb",
            "version"
          ],
          "keep_labels": [],
          "match_type": "",
          "metric": "apiserver_request_sli_duration_seconds_bucket"
        },
        "apiserver_request_sli_duration_seconds_count": {
          "aggregation_delay": "",
          "aggregation_interval": "",
          "aggregations": [
            "sum:counter"
          ],
          "auto_import": true,
          "drop": false,
          "drop_labels": [
            "component",
            "group",
            "resource",
            "scope",
            "subresource",
            "verb",
            "version"
          ],
          "keep_labels": [],
          "match_type": "",
          "metric": "apiserver_request_sli_duration_seconds_count"
        },
        "apiserver_request_sli_duration_seconds_sum": {
          "aggregation_delay": "",
          "aggregation_interval": "",
          "aggregations": [
            "sum:counter"
          ],
          "auto_import": true,
          "drop": false,
          "drop_labels": [
            "component",
            "group",
            "resource",
            "scope",
            "subresource",
            "verb",
            "version"
          ],
          "keep_labels": [],
          "match_type": "",
          "metric": "apiserver_request_sli_duration_seconds_sum"
        },
        "apiserver_request_total": {
          "aggregation_delay": "",
          "aggregation_interval": "",
          "aggregations": [
            "sum:counter"
          ],
          "auto_import": true,
          "drop": false,
          "drop_labels": [
            "code",
            "component",
            "dry_run",
            "group",
            "resource",
            "scope",
            "subresource",
            "verb",
            "version"
          ],
          "keep_labels": [],
          "match_type": "",
          "metric": "apiserver_request_total"
        },
        "apiserver_response_sizes_bucket": {
          "aggregation_delay": "",
          "aggregation_interval": "",
          "aggregations": [
            "sum:counter"
          ],
          "auto_import": true,
          "drop": false,
          "drop_labels": [
            "component",
            "group",
            "resource",
            "scope",
            "subresource",
            "verb",
            "version"
          ],
          "keep_labels": [],
          "match_type": "",
          "metric": "apiserver_response_sizes_bucket"
        },
        "apiserver_response_sizes_count": {
          "aggregation_delay": "",
          "aggregation_interval": "",
          "aggregations": [
            "sum:counter"
          ],
          "auto_import": true,
          "drop": false,
          "drop_labels": [
            "component",
            "group",
            "resource",
            "scope",
            "subresource",
            "verb",
            "version"
          ],
          "keep_labels": [],
          "match_type": "",
          "metric": "apiserver_response_sizes_count"
        },
        "apiserver_response_sizes_sum": {
          "aggregation_delay": "",
          "aggregation_interval": "",
          "aggregations": [
            "sum:counter"
          ],
          "auto_import": true,
          "drop": false,
          "drop_labels": [
            "component",
            "group",
            "resource",
            "scope",
            "subresource",
            "verb",
            "version"
          ],
          "keep_labels": [],
          "match_type": "",
          "metric": "apiserver_response_sizes_sum"
        },
        "apiserver_storage_data_key_generation_duration_seconds_bucket": {
          "aggregation_delay": "",
          "aggregation_interval": "",
          "aggregations": [
            "sum:counter"
          ],
          "auto_import": true,
          "drop": false,
          "drop_labels": [
            "endpoint",
            "instance",
            "metrics_path",
            "namespace",
            "node",
            "service"
          ],
          "keep_labels": [],
          "match_type": "",
          "metric": "apiserver_storage_data_key_generation_duration_seconds_bucket"
        },
        "apiserver_storage_list_evaluated_objects_total": {
          "aggregation_delay": "",
          "aggregation_interval": "",
          "aggregations": [
            "sum:counter"
          ],
          "auto_import": true,
          "drop": false,
          "drop_labels": [
            "resource"
          ],
          "keep_labels": [],
          "match_type": "",
          "metric": "apiserver_storage_list_evaluated_objects_total"
        },
        "apiserver_storage_list_fetched_objects_total": {
          "aggregation_delay": "",
          "aggregation_interval": "",
          "aggregations": [
            "sum:counter"
          ],
          "auto_import": true,
          "drop": false,
          "drop_labels": [
            "resource"
          ],
          "keep_labels": [],
          "match_type": "",
          "metric": "apiserver_storage_list_fetched_objects_total"
        },
        "apiserver_storage_list_returned_objects_total": {
          "aggregation_delay": "",
          "aggregation_interval": "",
          "aggregations": [
            "sum:counter"
          ],
          "auto_import": true,
          "drop": false,
          "drop_labels": [
            "resource"
          ],
          "keep_labels": [],
          "match_type": "",
          "metric": "apiserver_storage_list_returned_objects_total"
        },
        "apiserver_storage_list_total": {
          "aggregation_delay": "",
          "aggregation_interval": "",
          "aggregations": [
            "sum:counter"
          ],
          "auto_import": true,
          "drop": false,
          "drop_labels": [
            "resource"
          ],
          "keep_labels": [],
          "match_type": "",
          "metric": "apiserver_storage_list_total"
        },
        "apiserver_storage_objects": {
          "aggregation_delay": "",
          "aggregation_interval": "",
          "aggregations": [
            "count",
            "sum"
          ],
          "auto_import": true,
          "drop": false,
          "drop_labels": [
            "resource"
          ],
          "keep_labels": [],
          "match_type": "",
          "metric": "apiserver_storage_objects"
        },
        "apiserver_watch_cache_events_dispatched_total": {
          "aggregation_delay": "",
          "aggregation_interval": "",
          "aggregations": [
            "sum:counter"
          ],
          "auto_import": true,
          "drop": false,
          "drop_labels": [
            "resource"
          ],
          "keep_labels": [],
          "match_type": "",
          "metric": "apiserver_watch_cache_events_dispatched_total"
        },
        "apiserver_watch_cache_initializations_total": {
          "aggregation_delay": "",
          "aggregation_interval": "",
          "aggregations": [
            "sum:counter"
          ],
          "auto_import": true,
          "drop": false,
          "drop_labels": [
            "resource"
          ],
          "keep_labels": [],
          "match_type": "",
          "metric": "apiserver_watch_cache_initializations_total"
        },
        "apiserver_watch_events_sizes_bucket": {
          "aggregation_delay": "",
          "aggregation_interval": "",
          "aggregations": [
            "sum:counter"
          ],
          "auto_import": true,
          "drop": false,
          "drop_labels": [
            "group",
            "kind",
            "version"
          ],
          "keep_labels": [],
          "match_type": "",
          "metric": "apiserver_watch_events_sizes_bucket"
        },
        "apiserver_watch_events_sizes_count": {
          "aggregation_delay": "",
          "aggregation_interval": "",
          "aggregations": [
            "sum:counter"
          ],
          "auto_import": true,
          "drop": false,
          "drop_labels": [
            "group",
            "kind",
            "version"
          ],
          "keep_labels": [],
          "match_type": "",
          "metric": "apiserver_watch_events_sizes_count"
        },
        "apiserver_watch_events_sizes_sum": {
          "aggregation_delay": "",
          "aggregation_interval": "",
          "aggregations": [
            "sum:counter"
          ],
          "auto_import": true,
          "drop": false,
          "drop_labels": [
            "group",
            "kind",
            "version"
          ],
          "keep_labels": [],
          "match_type": "",
          "metric": "apiserver_watch_events_sizes_sum"
        },
        "authentication_token_cache_request_duration_seconds_bucket": {
          "aggregation_delay": "",
          "aggregation_interval": "",
          "aggregations": [
            "sum:counter"
          ],
          "auto_import": true,
          "drop": false,
          "drop_labels": [
            "endpoint",
            "instance",
            "metrics_path",
            "namespace",
            "node",
            "service",
            "status"
          ],
          "keep_labels": [],
          "match_type": "",
          "metric": "authentication_token_cache_request_duration_seconds_bucket"
        },
        "cluster_quantile:apiserver_request_sli_duration_seconds:histogram_quantile": {
          "aggregation_delay": "",
          "aggregation_interval": "",
          "aggregations": [
            "count",
            "sum"
          ],
          "auto_import": true,
          "drop": false,
          "drop_labels": [
            "resource",
            "verb"
          ],
          "keep_labels": [],
          "match_type": "",
          "metric": "cluster_quantile:apiserver_request_sli_duration_seconds:histogram_quantile"
        },
        "cluster_verb_scope_le:apiserver_request_sli_duration_seconds_bucket:increase1h": {
          "aggregation_delay": "",
          "aggregation_interval": "",
          "aggregations": [
            "count",
            "sum"
          ],
          "auto_import": true,
          "drop": false,
          "drop_labels": [
            "scope",
            "verb"
          ],
          "keep_labels": [],
          "match_type": "",
          "metric": "cluster_verb_scope_le:apiserver_request_sli_duration_seconds_bucket:increase1h"
        },
        "cluster_verb_scope_le:apiserver_request_sli_duration_seconds_bucket:increase30d": {
          "aggregation_delay": "",
          "aggregation_interval": "",
          "aggregations": [
            "count",
            "sum"
          ],
          "auto_import": true,
          "drop": false,
          "drop_labels": [
            "scope",
            "verb"
          ],
          "keep_labels": [],
          "match_type": "",
          "metric": "cluster_verb_scope_le:apiserver_request_sli_duration_seconds_bucket:increase30d"
        },
        "code_resource:apiserver_request_total:rate5m": {
          "aggregation_delay": "",
          "aggregation_interval": "",
          "aggregations": [
            "count",
            "sum"
          ],
          "auto_import": true,
          "drop": false,
          "drop_labels": [
            "code",
            "resource",
            "verb"
          ],
          "keep_labels": [],
          "match_type": "",
          "metric": "code_resource:apiserver_request_total:rate5m"
        },
        "container_blkio_device_usage_total": {
          "aggregation_delay": "",
          "aggregation_interval": "",
          "aggregations": [
            "sum:counter"
          ],
          "auto_import": true,
          "drop": false,
          "drop_labels": [
            "container",
            "device",
            "id",
            "image",
            "instance",
            "major",
            "minor",
            "name",
            "namespace",
            "node",
            "operation",
            "pod",
            "service"
          ],
          "keep_labels": [],
          "match_type": "",
          "metric": "container_blkio_device_usage_total"
        },
        "container_fs_reads_bytes_total": {
          "aggregation_delay": "",
          "aggregation_interval": "",
          "aggregations": [
            "sum:counter"
          ],
          "auto_import": true,
          "drop": false,
          "drop_labels": [
            "container",
            "device",
            "id",
            "image",
            "instance",
            "name",
            "namespace",
            "node",
            "pod",
            "service"
          ],
          "keep_labels": [],
          "match_type": "",
          "metric": "container_fs_reads_bytes_total"
        },
        "container_fs_reads_total": {
          "aggregation_delay": "",
          "aggregation_interval": "",
          "aggregations": [
            "sum:counter"
          ],
          "auto_import": true,
          "drop": false,
          "drop_labels": [
            "container",
            "device",
            "id",
            "image",
            "instance",
            "name",
            "namespace",
            "node",
            "pod",
            "service"
          ],
          "keep_labels": [],
          "match_type": "",
          "metric": "container_fs_reads_total"
        },
        "container_fs_writes_bytes_total": {
          "aggregation_delay": "",
          "aggregation_interval": "",
          "aggregations": [
            "sum:counter"
          ],
          "auto_import": true,
          "drop": false,
          "drop_labels": [
            "container",
            "device",
            "id",
            "image",
            "instance",
            "name",
            "namespace",
            "node",
            "pod",
            "service"
          ],
          "keep_labels": [],
          "match_type": "",
          "metric": "container_fs_writes_bytes_total"
        },
        "container_last_seen": {
          "aggregation_delay": "",
          "aggregation_interval": "",
          "aggregations": [
            "count",
            "sum"
          ],
          "auto_import": true,
          "drop": false,
          "drop_labels": [
            "container",
            "id",
            "image",
            "instance",
            "name",
            "namespace",
            "node",
            "pod",
            "service"
          ],
          "keep_labels": [],
          "match_type": "",
          "metric": "container_last_seen"
        },
        "container_memory_cache": {
          "aggregation_delay": "",
          "aggregation_interval": "",
          "aggregations": [
            "count",
            "sum"
          ],
          "auto_import": true,
          "drop": false,
          "drop_labels": [
            "container",
            "id",
            "image",
            "instance",
            "name",
            "namespace",
            "node",
            "pod",
            "service"
          ],
          "keep_labels": [],
          "match_type": "",
          "metric": "container_memory_cache"
        },
        "container_memory_failcnt": {
          "aggregation_delay": "",
          "aggregation_interval": "",
          "aggregations": [
            "sum:counter"
          ],
          "auto_import": true,
          "drop": false,
          "drop_labels": [
            "container",
            "id",
            "image",
            "instance",
            "name",
            "namespace",
            "node",
            "pod",
            "service"
          ],
          "keep_labels": [],
          "match_type": "",
          "metric": "container_memory_failcnt"
        },
        "container_memory_failures_total": {
          "aggregation_delay": "",
          "aggregation_interval": "",
          "aggregations": [
            "sum:counter"
          ],
          "auto_import": true,
          "drop": false,
          "drop_labels": [
            "container",
            "failure_type",
            "id",
            "image",
            "instance",
            "name",
            "namespace",
            "node",
            "pod",
            "scope",
            "service"
          ],
          "keep_labels": [],
          "match_type": "",
          "metric": "container_memory_failures_total"
        },
        "container_memory_kernel_usage": {
          "aggregation_delay": "",
          "aggregation_interval": "",
          "aggregations": [
            "count",
            "sum"
          ],
          "auto_import": true,
          "drop": false,
          "drop_labels": [
            "container",
            "id",
            "image",
            "instance",
            "name",
            "namespace",
            "node",
            "pod",
            "service"
          ],
          "keep_labels": [],
          "match_type": "",
          "metric": "container_memory_kernel_usage"
        },
        "container_memory_max_usage_bytes": {
          "aggregation_delay": "",
          "aggregation_interval": "",
          "aggregations": [
            "count",
            "sum"
          ],
          "auto_import": true,
          "drop": false,
          "drop_labels": [
            "container",
            "id",
            "image",
            "instance",
            "name",
            "namespace",
            "node",
            "pod",
            "service"
          ],
          "keep_labels": [],
          "match_type": "",
          "metric": "container_memory_max_usage_bytes"
        },
        "container_network_receive_bytes_total": {
          "aggregation_delay": "",
          "aggregation_interval": "",
          "aggregations": [
            "sum:counter"
          ],
          "auto_import": true,
          "drop": false,
          "drop_labels": [
            "name",
            "namespace",
            "node",
            "pod",
            "service"
          ],
          "keep_labels": [],
          "match_type": "",
          "metric": "container_network_receive_bytes_total"
        },
        "container_network_receive_errors_total": {
          "aggregation_delay": "",
          "aggregation_interval": "",
          "aggregations": [
            "sum:counter"
          ],
          "auto_import": true,
          "drop": false,
          "drop_labels": [
            "id",
            "instance",
            "interface",
            "name",
            "namespace",
            "node",
            "pod",
            "service"
          ],
          "keep_labels": [],
          "match_type": "",
          "metric": "container_network_receive_errors_total"
        },
        "container_network_receive_packets_dropped_total": {
          "aggregation_delay": "",
          "aggregation_interval": "",
          "aggregations": [
            "sum:counter"
          ],
          "auto_import": true,
          "drop": false,
          "drop_labels": [
            "id",
            "instance",
            "interface",
            "name",
            "namespace",
            "node",
            "pod",
            "service"
          ],
          "keep_labels": [],
          "match_type": "",
          "metric": "container_network_receive_packets_dropped_total"
        },
        "container_network_receive_packets_total": {
          "aggregation_delay": "",
          "aggregation_interval": "",
          "aggregations": [
            "sum:counter"
          ],
          "auto_import": true,
          "drop": false,
          "drop_labels": [
            "id",
            "instance",
            "interface",
            "name",
            "namespace",
            "node",
            "pod",
            "service"
          ],
          "keep_labels": [],
          "match_type": "",
          "metric": "container_network_receive_packets_total"
        },
        "container_network_transmit_bytes_total": {
          "aggregation_delay": "",
          "aggregation_interval": "",
          "aggregations": [
            "sum:counter"
          ],
          "auto_import": true,
          "drop": false,
          "drop_labels": [
            "name",
            "namespace",
            "node",
            "pod",
            "service"
          ],
          "keep_labels": [],
          "match_type": "",
          "metric": "container_network_transmit_bytes_total"
        },
        "container_network_transmit_errors_total": {
          "aggregation_delay": "",
          "aggregation_interval": "",
          "aggregations": [
            "sum:counter"
          ],
          "auto_import": true,
          "drop": false,
          "drop_labels": [
            "id",
            "instance",
            "interface",
            "name",
            "namespace",
            "node",
            "pod",
            "service"
          ],
          "keep_labels": [],
          "match_type": "",
          "metric": "container_network_transmit_errors_total"
        },
        "container_network_transmit_packets_dropped_total": {
          "aggregation_delay": "",
          "aggregation_interval": "",
          "aggregations": [
            "sum:counter"
          ],
          "auto_import": true,
          "drop": false,
          "drop_labels": [
            "id",
            "instance",
            "interface",
            "name",
            "namespace",
            "node",
            "pod",
            "service"
          ],
          "keep_labels": [],
          "match_type": "",
          "metric": "container_network_transmit_packets_dropped_total"
        },
        "container_network_transmit_packets_total": {
          "aggregation_delay": "",
          "aggregation_interval": "",
          "aggregations": [
            "sum:counter"
          ],
          "auto_import": true,
          "drop": false,
          "drop_labels": [
            "id",
            "instance",
            "interface",
            "name",
            "namespace",
            "node",
            "pod",
            "service"
          ],
          "keep_labels": [],
          "match_type": "",
          "metric": "container_network_transmit_packets_total"
        },
        "container_oom_events_total": {
          "aggregation_delay": "",
          "aggregation_interval": "",
          "aggregations": [
            "sum:counter"
          ],
          "auto_import": true,
          "drop": false,
          "drop_labels": [
            "container",
            "id",
            "image",
            "instance",
            "name",
            "namespace",
            "node",
            "pod",
            "service"
          ],
          "keep_labels": [],
          "match_type": "",
          "metric": "container_oom_events_total"
        },
        "container_processes": {
          "aggregation_delay": "",
          "aggregation_interval": "",
          "aggregations": [
            "count",
            "sum"
          ],
          "auto_import": true,
          "drop": false,
          "drop_labels": [
            "container",
            "id",
            "image",
            "instance",
            "name",
            "namespace",
            "node",
            "pod",
            "service"
          ],
          "keep_labels": [],
          "match_type": "",
          "metric": "container_processes"
        },
        "container_sockets": {
          "aggregation_delay": "",
          "aggregation_interval": "",
          "aggregations": [
            "count",
            "sum"
          ],
          "auto_import": true,
          "drop": false,
          "drop_labels": [
            "container",
            "id",
            "image",
            "instance",
            "name",
            "namespace",
            "node",
            "pod",
            "service"
          ],
          "keep_labels": [],
          "match_type": "",
          "metric": "container_sockets"
        },
        "container_start_time_seconds": {
          "aggregation_delay": "",
          "aggregation_interval": "",
          "aggregations": [
            "count",
            "sum"
          ],
          "auto_import": true,
          "drop": false,
          "drop_labels": [
            "container",
            "id",
            "image",
            "instance",
            "name",
            "namespace",
            "node",
            "pod",
            "service"
          ],
          "keep_labels": [],
          "match_type": "",
          "metric": "container_start_time_seconds"
        },
        "container_threads": {
          "aggregation_delay": "",
          "aggregation_interval": "",
          "aggregations": [
            "count",
            "sum"
          ],
          "auto_import": true,
          "drop": false,
          "drop_labels": [
            "container",
            "id",
            "image",
            "instance",
            "name",
            "namespace",
            "node",
            "pod",
            "service"
          ],
          "keep_labels": [],
          "match_type": "",
          "metric": "container_threads"
        },
        "container_ulimits_soft": {
          "aggregation_delay": "",
          "aggregation_interval": "",
          "aggregations": [
            "count",
            "sum"
          ],
          "auto_import": true,
          "drop": false,
          "drop_labels": [
            "container",
            "id",
            "image",
            "instance",
            "name",
            "namespace",
            "node",
            "pod",
            "service"
          ],
          "keep_labels": [],
          "match_type": "",
          "metric": "container_ulimits_soft"
        },
        "csi_operations_seconds_bucket": {
          "aggregation_delay": "",
          "aggregation_interval": "",
          "aggregations": [
            "sum:counter"
          ],
          "auto_import": true,
          "drop": false,
          "drop_labels": [
            "grpc_status_code",
            "instance",
            "method_name",
            "node",
            "service"
          ],
          "keep_labels": [],
          "match_type": "",
          "metric": "csi_operations_seconds_bucket"
        },
        "etcd_request_duration_seconds_bucket": {
          "aggregation_delay": "",
          "aggregation_interval": "",
          "aggregations": [
            "sum:counter"
          ],
          "auto_import": true,
          "drop": false,
          "drop_labels": [
            "operation",
            "type"
          ],
          "keep_labels": [],
          "match_type": "",
          "metric": "etcd_request_duration_seconds_bucket"
        },
        "etcd_request_duration_seconds_count": {
          "aggregation_delay": "",
          "aggregation_interval": "",
          "aggregations": [
            "sum:counter"
          ],
          "auto_import": true,
          "drop": false,
          "drop_labels": [
            "operation",
            "type"
          ],
          "keep_labels": [],
          "match_type": "",
          "metric": "etcd_request_duration_seconds_count"
        },
        "etcd_request_duration_seconds_sum": {
          "aggregation_delay": "",
          "aggregation_interval": "",
          "aggregations": [
            "sum:counter"
          ],
          "auto_import": true,
          "drop": false,
          "drop_labels": [
            "operation",
            "type"
          ],
          "keep_labels": [],
          "match_type": "",
          "metric": "etcd_request_duration_seconds_sum"
        },
        "kube_pod_status_qos_class": {
          "aggregation_delay": "",
          "aggregation_interval": "",
          "aggregations": [
            "count",
            "sum"
          ],
          "auto_import": true,
          "drop": false,
          "drop_labels": [
            "namespace",
            "pod",
            "qos_class",
            "uid"
          ],
          "keep_labels": [],
          "match_type": "",
          "metric": "kube_pod_status_qos_class"
        },
        "kube_pod_status_ready": {
          "aggregation_delay": "",
          "aggregation_interval": "",
          "aggregations": [
            "count",
            "sum"
          ],
          "auto_import": true,
          "drop": false,
          "drop_labels": [
            "condition",
            "namespace",
            "pod",
            "uid"
          ],
          "keep_labels": [],
          "match_type": "",
          "metric": "kube_pod_status_ready"
        },
        "kube_pod_status_reason": {
          "aggregation_delay": "",
          "aggregation_interval": "",
          "aggregations": [
            "count",
            "sum"
          ],
          "auto_import": true,
          "drop": false,
          "drop_labels": [
            "namespace",
            "pod",
            "reason",
            "uid"
          ],
          "keep_labels": [],
          "match_type": "",
          "metric": "kube_pod_status_reason"
        },
        "kube_pod_status_scheduled": {
          "aggregation_delay": "",
          "aggregation_interval": "",
          "aggregations": [
            "count",
            "sum"
          ],
          "auto_import": true,
          "drop": false,
          "drop_labels": [
            "condition",
            "namespace",
            "pod",
            "uid"
          ],
          "keep_labels": [],
          "match_type": "",
          "metric": "kube_pod_status_scheduled"
        },
        "kube_pod_tolerations": {
          "aggregation_delay": "",
          "aggregation_interval": "",
          "aggregations": [
            "count",
            "sum"
          ],
          "auto_import": true,
          "drop": false,
          "drop_labels": [
            "effect",
            "key",
            "namespace",
            "operator",
            "pod",
            "toleration_seconds",
            "uid"
          ],
          "keep_labels": [],
          "match_type": "",
          "metric": "kube_pod_tolerations"
        },
        "kubelet_cgroup_manager_duration_seconds_bucket": {
          "aggregation_delay": "",
          "aggregation_interval": "",
          "aggregations": [
            "sum:counter"
          ],
          "auto_import": true,
          "drop": false,
          "drop_labels": [
            "instance",
            "node",
            "operation_type",
            "service"
          ],
          "keep_labels": [],
          "match_type": "",
          "metric": "kubelet_cgroup_manager_duration_seconds_bucket"
        },
        "kubelet_container_log_filesystem_used_bytes": {
          "aggregation_delay": "",
          "aggregation_interval": "",
          "aggregations": [
            "count",
            "sum"
          ],
          "auto_import": true,
          "drop": false,
          "drop_labels": [
            "container",
            "instance",
            "namespace",
            "node",
            "pod",
            "service",
            "uid"
          ],
          "keep_labels": [],
          "match_type": "",
          "metric": "kubelet_container_log_filesystem_used_bytes"
        },
        "kubelet_http_requests_duration_seconds_bucket": {
          "aggregation_delay": "",
          "aggregation_interval": "",
          "aggregations": [
            "sum:counter"
          ],
          "auto_import": true,
          "drop": false,
          "drop_labels": [
            "instance",
            "long_running",
            "method",
            "node",
            "path",
            "service"
          ],
          "keep_labels": [],
          "match_type": "",
          "metric": "kubelet_http_requests_duration_seconds_bucket"
        },
        "kubelet_pod_start_duration_seconds_bucket": {
          "aggregation_delay": "",
          "aggregation_interval": "",
          "aggregations": [
            "sum:counter"
          ],
          "auto_import": true,
          "drop": false,
          "drop_labels": [
            "instance",
            "node",
            "service"
          ],
          "keep_labels": [],
          "match_type": "",
          "metric": "kubelet_pod_start_duration_seconds_bucket"
        },
        "kubelet_pod_start_sli_duration_seconds_bucket": {
          "aggregation_delay": "",
          "aggregation_interval": "",
          "aggregations": [
            "sum:counter"
          ],
          "auto_import": true,
          "drop": false,
          "drop_labels": [
            "instance",
            "node",
            "service"
          ],
          "keep_labels": [],
          "match_type": "",
          "metric": "kubelet_pod_start_sli_duration_seconds_bucket"
        },
        "kubelet_pod_start_total_duration_seconds_bucket": {
          "aggregation_delay": "",
          "aggregation_interval": "",
          "aggregations": [
            "sum:counter"
          ],
          "auto_import": true,
          "drop": false,
          "drop_labels": [
            "instance",
            "node",
            "service"
          ],
          "keep_labels": [],
          "match_type": "",
          "metric": "kubelet_pod_start_total_duration_seconds_bucket"
        },
        "kubelet_pod_worker_duration_seconds_bucket": {
          "aggregation_delay": "",
          "aggregation_interval": "",
          "aggregations": [
            "sum:counter"
          ],
          "auto_import": true,
          "drop": false,
          "drop_labels": [
            "instance",
            "node",
            "operation_type",
            "service"
          ],
          "keep_labels": [],
          "match_type": "",
          "metric": "kubelet_pod_worker_duration_seconds_bucket"
        },
        "kubelet_runtime_operations_duration_seconds_bucket": {
          "aggregation_delay": "",
          "aggregation_interval": "",
          "aggregations": [
            "sum:counter"
          ],
          "auto_import": true,
          "drop": false,
          "drop_labels": [
            "instance",
            "node",
            "operation_type",
            "service"
          ],
          "keep_labels": [],
          "match_type": "",
          "metric": "kubelet_runtime_operations_duration_seconds_bucket"
        },
        "kubelet_runtime_operations_duration_seconds_count": {
          "aggregation_delay": "",
          "aggregation_interval": "",
          "aggregations": [
            "sum:counter"
          ],
          "auto_import": true,
          "drop": false,
          "drop_labels": [
            "instance",
            "node",
            "operation_type",
            "service"
          ],
          "keep_labels": [],
          "match_type": "",
          "metric": "kubelet_runtime_operations_duration_seconds_count"
        },
        "kubelet_runtime_operations_duration_seconds_sum": {
          "aggregation_delay": "",
          "aggregation_interval": "",
          "aggregations": [
            "sum:counter"
          ],
          "auto_import": true,
          "drop": false,
          "drop_labels": [
            "instance",
            "node",
            "operation_type",
            "service"
          ],
          "keep_labels": [],
          "match_type": "",
          "metric": "kubelet_runtime_operations_duration_seconds_sum"
        },
        "kubelet_runtime_operations_total": {
          "aggregation_delay": "",
          "aggregation_interval": "",
          "aggregations": [
            "sum:counter"
          ],
          "auto_import": true,
          "drop": false,
          "drop_labels": [
            "instance",
            "node",
            "operation_type",
            "service"
          ],
          "keep_labels": [],
          "match_type": "",
          "metric": "kubelet_runtime_operations_total"
        },
        "kubelet_volume_metric_collection_duration_seconds_bucket": {
          "aggregation_delay": "",
          "aggregation_interval": "",
          "aggregations": [
            "sum:counter"
          ],
          "auto_import": true,
          "drop": false,
          "drop_labels": [
            "instance",
            "metric_source",
            "node",
            "service"
          ],
          "keep_labels": [],
          "match_type": "",
          "metric": "kubelet_volume_metric_collection_duration_seconds_bucket"
        },
        "kubernetes_feature_enabled": {
          "aggregation_delay": "",
          "aggregation_interval": "",
          "aggregations": [
            "count",
            "sum"
          ],
          "auto_import": true,
          "drop": false,
          "drop_labels": [
            "endpoint",
            "instance",
            "metrics_path",
            "name",
            "namespace",
            "node",
            "service",
            "stage"
          ],
          "keep_labels": [],
          "match_type": "",
          "metric": "kubernetes_feature_enabled"
        },
        "node_namespace_pod_container:container_memory_cache": {
          "aggregation_delay": "",
          "aggregation_interval": "",
          "aggregations": [
            "count",
            "sum"
          ],
          "auto_import": true,
          "drop": false,
          "drop_labels": [
            "container",
            "id",
            "image",
            "instance",
            "name",
            "namespace",
            "node",
            "pod",
            "service"
          ],
          "keep_labels": [],
          "match_type": "",
          "metric": "node_namespace_pod_container:container_memory_cache"
        },
        "node_namespace_pod_container:container_memory_rss": {
          "aggregation_delay": "",
          "aggregation_interval": "",
          "aggregations": [
            "count",
            "sum"
          ],
          "auto_import": true,
          "drop": false,
          "drop_labels": [
            "container",
            "id",
            "image",
            "instance",
            "name",
            "namespace",
            "node",
            "pod",
            "service"
          ],
          "keep_labels": [],
          "match_type": "",
          "metric": "node_namespace_pod_container:container_memory_rss"
        },
        "node_nfs_requests_total": {
          "aggregation_delay": "",
          "aggregation_interval": "",
          "aggregations": [
            "sum:counter"
          ],
          "auto_import": true,
          "drop": false,
          "drop_labels": [
            "instance",
            "method",
            "pod",
            "proto"
          ],
          "keep_labels": [],
          "match_type": "",
          "metric": "node_nfs_requests_total"
        },
        "node_scrape_collector_duration_seconds": {
          "aggregation_delay": "",
          "aggregation_interval": "",
          "aggregations": [
            "count",
            "sum"
          ],
          "auto_import": true,
          "drop": false,
          "drop_labels": [
            "collector",
            "instance",
            "pod"
          ],
          "keep_labels": [],
          "match_type": "",
          "metric": "node_scrape_collector_duration_seconds"
        },
        "node_scrape_collector_success": {
          "aggregation_delay": "",
          "aggregation_interval": "",
          "aggregations": [
            "count",
            "sum"
          ],
          "auto_import": true,
          "drop": false,
          "drop_labels": [
            "collector",
            "instance",
            "pod"
          ],
          "keep_labels": [],
          "match_type": "",
          "metric": "node_scrape_collector_success"
        },
        "prober_probe_duration_seconds_bucket": {
          "aggregation_delay": "",
          "aggregation_interval": "",
          "aggregations": [
            "sum:counter"
          ],
          "auto_import": true,
          "drop": false,
          "drop_labels": [
            "container",
            "instance",
            "namespace",
            "node",
            "pod",
            "probe_type",
            "service"
          ],
          "keep_labels": [],
          "match_type": "",
          "metric": "prober_probe_duration_seconds_bucket"
        },
        "prober_probe_duration_seconds_count": {
          "aggregation_delay": "",
          "aggregation_interval": "",
          "aggregations": [
            "sum:counter"
          ],
          "auto_import": true,
          "drop": false,
          "drop_labels": [
            "container",
            "instance",
            "namespace",
            "node",
            "pod",
            "probe_type",
            "service"
          ],
          "keep_labels": [],
          "match_type": "",
          "metric": "prober_probe_duration_seconds_count"
        },
        "prober_probe_duration_seconds_sum": {
          "aggregation_delay": "",
          "aggregation_interval": "",
          "aggregations": [
            "sum:counter"
          ],
          "auto_import": true,
          "drop": false,
          "drop_labels": [
            "container",
            "instance",
            "namespace",
            "node",
            "pod",
            "probe_type",
            "service"
          ],
          "keep_labels": [],
          "match_type": "",
          "metric": "prober_probe_duration_seconds_sum"
        },
        "prober_probe_total": {
          "aggregation_delay": "",
          "aggregation_interval": "",
          "aggregations": [
            "sum:counter"
          ],
          "auto_import": true,
          "drop": false,
          "drop_labels": [
            "container",
            "instance",
            "namespace",
            "node",
            "pod",
            "pod_uid",
            "probe_type",
            "result",
            "service"
          ],
          "keep_labels": [],
          "match_type": "",
          "metric": "prober_probe_total"
        },
        "rest_client_rate_limiter_duration_seconds_bucket": {
          "aggregation_delay": "",
          "aggregation_interval": "",
          "aggregations": [
            "sum:counter"
          ],
          "auto_import": true,
          "drop": false,
          "drop_labels": [
            "instance",
            "node",
            "service",
            "verb"
          ],
          "keep_labels": [],
          "match_type": "",
          "metric": "rest_client_rate_limiter_duration_seconds_bucket"
        },
        "rest_client_request_duration_seconds_bucket": {
          "aggregation_delay": "",
          "aggregation_interval": "",
          "aggregations": [
            "sum:counter"
          ],
          "auto_import": true,
          "drop": false,
          "drop_labels": [
            "endpoint",
            "host",
            "instance",
            "metrics_path",
            "namespace",
            "node",
            "service",
            "verb"
          ],
          "keep_labels": [],
          "match_type": "",
          "metric": "rest_client_request_duration_seconds_bucket"
        },
        "rest_client_request_size_bytes_bucket": {
          "aggregation_delay": "",
          "aggregation_interval": "",
          "aggregations": [
            "sum:counter"
          ],
          "auto_import": true,
          "drop": false,
          "drop_labels": [
            "endpoint",
            "host",
            "instance",
            "metrics_path",
            "namespace",
            "node",
            "service",
            "verb"
          ],
          "keep_labels": [],
          "match_type": "",
          "metric": "rest_client_request_size_bytes_bucket"
        },
        "rest_client_response_size_bytes_bucket": {
          "aggregation_delay": "",
          "aggregation_interval": "",
          "aggregations": [
            "sum:counter"
          ],
          "auto_import": true,
          "drop": false,
          "drop_labels": [
            "endpoint",
            "host",
            "instance",
            "metrics_path",
            "namespace",
            "node",
            "service",
            "verb"
          ],
          "keep_labels": [],
          "match_type": "",
          "metric": "rest_client_response_size_bytes_bucket"
        },
        "storage_operation_duration_seconds_bucket": {
          "aggregation_delay": "",
          "aggregation_interval": "",
          "aggregations": [
            "sum:counter"
          ],
          "auto_import": true,
          "drop": false,
          "drop_labels": [
            "instance",
            "node",
            "operation_name",
            "service",
            "status",
            "volume_plugin"
          ],
          "keep_labels": [],
          "match_type": "",
          "metric": "storage_operation_duration_seconds_bucket"
        },
        "storage_operation_duration_seconds_count": {
          "aggregation_delay": "",
          "aggregation_interval": "",
          "aggregations": [
            "sum:counter"
          ],
          "auto_import": true,
          "drop": false,
          "drop_labels": [
            "instance",
            "node",
            "operation_name",
            "service",
            "status",
            "volume_plugin"
          ],
          "keep_labels": [],
          "match_type": "",
          "metric": "storage_operation_duration_seconds_count"
        },
        "storage_operation_duration_seconds_sum": {
          "aggregation_delay": "",
          "aggregation_interval": "",
          "aggregations": [
            "sum:counter"
          ],
          "auto_import": true,
          "drop": false,
          "drop_labels": [
            "instance",
            "node",
            "operation_name",
            "service",
            "status",
            "volume_plugin"
          ],
          "keep_labels": [],
          "match_type": "",
          "metric": "storage_operation_duration_seconds_sum"
        },
        "volume_operation_total_seconds_bucket": {
          "aggregation_delay": "",
          "aggregation_interval": "",
          "aggregations": [
            "sum:counter"
          ],
          "auto_import": true,
          "drop": false,
          "drop_labels": [
            "instance",
            "node",
            "plugin_name",
            "service"
          ],
          "keep_labels": [],
          "match_type": "",
          "metric": "volume_operation_total_seconds_bucket"
        },
        "watch_cache_capacity": {
          "aggregation_delay": "",
          "aggregation_interval": "",
          "aggregations": [
            "count",
            "sum"
          ],
          "auto_import": true,
          "drop": false,
          "drop_labels": [
            "resource"
          ],
          "keep_labels": [],
          "match_type": "",
          "metric": "watch_cache_capacity"
        },
        "workqueue_queue_duration_seconds_bucket": {
          "aggregation_delay": "",
          "aggregation_interval": "",
          "aggregations": [
            "sum:counter"
          ],
          "auto_import": true,
          "drop": false,
          "drop_labels": [
            "endpoint",
            "instance",
            "metrics_path",
            "name",
            "namespace",
            "node",
            "service"
          ],
          "keep_labels": [],
          "match_type": "",
          "metric": "workqueue_queue_duration_seconds_bucket"
        },
        "workqueue_work_duration_seconds_bucket": {
          "aggregation_delay": "",
          "aggregation_interval": "",
          "aggregations": [
            "sum:counter"
          ],
          "auto_import": true,
          "drop": false,
          "drop_labels": [
            "endpoint",
            "instance",
            "metrics_path",
            "name",
            "namespace",
            "node",
            "service"
          ],
          "keep_labels": [],
          "match_type": "",
          "metric": "workqueue_work_duration_seconds_bucket"
        }
      },
      "type": [
        "object",
        {
          "apiextensions_openapi_v2_regeneration_count": [
            "object",
            {
              "aggregation_delay": "string",
              "aggregation_interval": "string",
              "aggregations": [
                "list",
                "string"
              ],
              "auto_import": "bool",
              "drop": "bool",
              "drop_labels": [
                "list",
                "string"
              ],
              "keep_labels": [
                "list",
                "string"
              ],
              "match_type": "string",
              "metric": "string"
            }
          ],
          "apiextensions_openapi_v3_regeneration_count": [
            "object",
            {
              "aggregation_delay": "string",
              "aggregation_interval": "string",
              "aggregations": [
                "list",
                "string"
              ],
              "auto_import": "bool",
              "drop": "bool",
              "drop_labels": [
                "list",
                "string"
              ],
              "keep_labels": [
                "list",
                "string"
              ],
              "match_type": "string",
              "metric": "string"
            }
          ],
          "apiserver_admission_controller_admission_duration_seconds_bucket": [
            "object",
            {
              "aggregation_delay": "string",
              "aggregation_interval": "string",
              "aggregations": [
                "list",
                "string"
              ],
              "auto_import": "bool",
              "drop": "bool",
              "drop_labels": [
                "list",
                "string"
              ],
              "keep_labels": [
                "list",
                "string"
              ],
              "match_type": "string",
              "metric": "string"
            }
          ],
          "apiserver_admission_webhook_admission_duration_seconds_bucket": [
            "object",
            {
              "aggregation_delay": "string",
              "aggregation_interval": "string",
              "aggregations": [
                "list",
                "string"
              ],
              "auto_import": "bool",
              "drop": "bool",
              "drop_labels": [
                "list",
                "string"
              ],
              "keep_labels": [
                "list",
                "string"
              ],
              "match_type": "string",
              "metric": "string"
            }
          ],
          "apiserver_cache_list_fetched_objects_total": [
            "object",
            {
              "aggregation_delay": "string",
              "aggregation_interval": "string",
              "aggregations": [
                "list",
                "string"
              ],
              "auto_import": "bool",
              "drop": "bool",
              "drop_labels": [
                "list",
                "string"
              ],
              "keep_labels": [
                "list",
                "string"
              ],
              "match_type": "string",
              "metric": "string"
            }
          ],
          "apiserver_cache_list_returned_objects_total": [
            "object",
            {
              "aggregation_delay": "string",
              "aggregation_interval": "string",
              "aggregations": [
                "list",
                "string"
              ],
              "auto_import": "bool",
              "drop": "bool",
              "drop_labels": [
                "list",
                "string"
              ],
              "keep_labels": [
                "list",
                "string"
              ],
              "match_type": "string",
              "metric": "string"
            }
          ],
          "apiserver_cache_list_total": [
            "object",
            {
              "aggregation_delay": "string",
              "aggregation_interval": "string",
              "aggregations": [
                "list",
                "string"
              ],
              "auto_import": "bool",
              "drop": "bool",
              "drop_labels": [
                "list",
                "string"
              ],
              "keep_labels": [
                "list",
                "string"
              ],
              "match_type": "string",
              "metric": "string"
            }
          ],
          "apiserver_client_certificate_expiration_seconds_bucket": [
            "object",
            {
              "aggregation_delay": "string",
              "aggregation_interval": "string",
              "aggregations": [
                "list",
                "string"
              ],
              "auto_import": "bool",
              "drop": "bool",
              "drop_labels": [
                "list",
                "string"
              ],
              "keep_labels": [
                "list",
                "string"
              ],
              "match_type": "string",
              "metric": "string"
            }
          ],
          "apiserver_delegated_authn_request_duration_seconds_bucket": [
            "object",
            {
              "aggregation_delay": "string",
              "aggregation_interval": "string",
              "aggregations": [
                "list",
                "string"
              ],
              "auto_import": "bool",
              "drop": "bool",
              "drop_labels": [
                "list",
                "string"
              ],
              "keep_labels": [
                "list",
                "string"
              ],
              "match_type": "string",
              "metric": "string"
            }
          ],
          "apiserver_flowcontrol_demand_seats_bucket": [
            "object",
            {
              "aggregation_delay": "string",
              "aggregation_interval": "string",
              "aggregations": [
                "list",
                "string"
              ],
              "auto_import": "bool",
              "drop": "bool",
              "drop_labels": [
                "list",
                "string"
              ],
              "keep_labels": [
                "list",
                "string"
              ],
              "match_type": "string",
              "metric": "string"
            }
          ],
          "apiserver_flowcontrol_priority_level_request_utilization_bucket": [
            "object",
            {
              "aggregation_delay": "string",
              "aggregation_interval": "string",
              "aggregations": [
                "list",
                "string"
              ],
              "auto_import": "bool",
              "drop": "bool",
              "drop_labels": [
                "list",
                "string"
              ],
              "keep_labels": [
                "list",
                "string"
              ],
              "match_type": "string",
              "metric": "string"
            }
          ],
          "apiserver_flowcontrol_priority_level_seat_utilization_bucket": [
            "object",
            {
              "aggregation_delay": "string",
              "aggregation_interval": "string",
              "aggregations": [
                "list",
                "string"
              ],
              "auto_import": "bool",
              "drop": "bool",
              "drop_labels": [
                "list",
                "string"
              ],
              "keep_labels": [
                "list",
                "string"
              ],
              "match_type": "string",
              "metric": "string"
            }
          ],
          "apiserver_flowcontrol_request_execution_seconds_bucket": [
            "object",
            {
              "aggregation_delay": "string",
              "aggregation_interval": "string",
              "aggregations": [
                "list",
                "string"
              ],
              "auto_import": "bool",
              "drop": "bool",
              "drop_labels": [
                "list",
                "string"
              ],
              "keep_labels": [
                "list",
                "string"
              ],
              "match_type": "string",
              "metric": "string"
            }
          ],
          "apiserver_flowcontrol_request_wait_duration_seconds_bucket": [
            "object",
            {
              "aggregation_delay": "string",
              "aggregation_interval": "string",
              "aggregations": [
                "list",
                "string"
              ],
              "auto_import": "bool",
              "drop": "bool",
              "drop_labels": [
                "list",
                "string"
              ],
              "keep_labels": [
                "list",
                "string"
              ],
              "match_type": "string",
              "metric": "string"
            }
          ],
          "apiserver_longrunning_requests": [
            "object",
            {
              "aggregation_delay": "string",
              "aggregation_interval": "string",
              "aggregations": [
                "list",
                "string"
              ],
              "auto_import": "bool",
              "drop": "bool",
              "drop_labels": [
                "list",
                "string"
              ],
              "keep_labels": [
                "list",
                "string"
              ],
              "match_type": "string",
              "metric": "string"
            }
          ],
          "apiserver_request_body_size_bytes_bucket": [
            "object",
            {
              "aggregation_delay": "string",
              "aggregation_interval": "string",
              "aggregations": [
                "list",
                "string"
              ],
              "auto_import": "bool",
              "drop": "bool",
              "drop_labels": [
                "list",
                "string"
              ],
              "keep_labels": [
                "list",
                "string"
              ],
              "match_type": "string",
              "metric": "string"
            }
          ],
          "apiserver_request_body_size_bytes_count": [
            "object",
            {
              "aggregation_delay": "string",
              "aggregation_interval": "string",
              "aggregations": [
                "list",
                "string"
              ],
              "auto_import": "bool",
              "drop": "bool",
              "drop_labels": [
                "list",
                "string"
              ],
              "keep_labels": [
                "list",
                "string"
              ],
              "match_type": "string",
              "metric": "string"
            }
          ],
          "apiserver_request_body_size_bytes_sum": [
            "object",
            {
              "aggregation_delay": "string",
              "aggregation_interval": "string",
              "aggregations": [
                "list",
                "string"
              ],
              "auto_import": "bool",
              "drop": "bool",
              "drop_labels": [
                "list",
                "string"
              ],
              "keep_labels": [
                "list",
                "string"
              ],
              "match_type": "string",
              "metric": "string"
            }
          ],
          "apiserver_request_duration_seconds_bucket": [
            "object",
            {
              "aggregation_delay": "string",
              "aggregation_interval": "string",
              "aggregations": [
                "list",
                "string"
              ],
              "auto_import": "bool",
              "drop": "bool",
              "drop_labels": [
                "list",
                "string"
              ],
              "keep_labels": [
                "list",
                "string"
              ],
              "match_type": "string",
              "metric": "string"
            }
          ],
          "apiserver_request_duration_seconds_count": [
            "object",
            {
              "aggregation_delay": "string",
              "aggregation_interval": "string",
              "aggregations": [
                "list",
                "string"
              ],
              "auto_import": "bool",
              "drop": "bool",
              "drop_labels": [
                "list",
                "string"
              ],
              "keep_labels": [
                "list",
                "string"
              ],
              "match_type": "string",
              "metric": "string"
            }
          ],
          "apiserver_request_duration_seconds_sum": [
            "object",
            {
              "aggregation_delay": "string",
              "aggregation_interval": "string",
              "aggregations": [
                "list",
                "string"
              ],
              "auto_import": "bool",
              "drop": "bool",
              "drop_labels": [
                "list",
                "string"
              ],
              "keep_labels": [
                "list",
                "string"
              ],
              "match_type": "string",
              "metric": "string"
            }
          ],
          "apiserver_request_sli_duration_seconds_bucket": [
            "object",
            {
              "aggregation_delay": "string",
              "aggregation_interval": "string",
              "aggregations": [
                "list",
                "string"
              ],
              "auto_import": "bool",
              "drop": "bool",
              "drop_labels": [
                "list",
                "string"
              ],
              "keep_labels": [
                "list",
                "string"
              ],
              "match_type": "string",
              "metric": "string"
            }
          ],
          "apiserver_request_sli_duration_seconds_count": [
            "object",
            {
              "aggregation_delay": "string",
              "aggregation_interval": "string",
              "aggregations": [
                "list",
                "string"
              ],
              "auto_import": "bool",
              "drop": "bool",
              "drop_labels": [
                "list",
                "string"
              ],
              "keep_labels": [
                "list",
                "string"
              ],
              "match_type": "string",
              "metric": "string"
            }
          ],
          "apiserver_request_sli_duration_seconds_sum": [
            "object",
            {
              "aggregation_delay": "string",
              "aggregation_interval": "string",
              "aggregations": [
                "list",
                "string"
              ],
              "auto_import": "bool",
              "drop": "bool",
              "drop_labels": [
                "list",
                "string"
              ],
              "keep_labels": [
                "list",
                "string"
              ],
              "match_type": "string",
              "metric": "string"
            }
          ],
          "apiserver_request_total": [
            "object",
            {
              "aggregation_delay": "string",
              "aggregation_interval": "string",
              "aggregations": [
                "list",
                "string"
              ],
              "auto_import": "bool",
              "drop": "bool",
              "drop_labels": [
                "list",
                "string"
              ],
              "keep_labels": [
                "list",
                "string"
              ],
              "match_type": "string",
              "metric": "string"
            }
          ],
          "apiserver_response_sizes_bucket": [
            "object",
            {
              "aggregation_delay": "string",
              "aggregation_interval": "string",
              "aggregations": [
                "list",
                "string"
              ],
              "auto_import": "bool",
              "drop": "bool",
              "drop_labels": [
                "list",
                "string"
              ],
              "keep_labels": [
                "list",
                "string"
              ],
              "match_type": "string",
              "metric": "string"
            }
          ],
          "apiserver_response_sizes_count": [
            "object",
            {
              "aggregation_delay": "string",
              "aggregation_interval": "string",
              "aggregations": [
                "list",
                "string"
              ],
              "auto_import": "bool",
              "drop": "bool",
              "drop_labels": [
                "list",
                "string"
              ],
              "keep_labels": [
                "list",
                "string"
              ],
              "match_type": "string",
              "metric": "string"
            }
          ],
          "apiserver_response_sizes_sum": [
            "object",
            {
              "aggregation_delay": "string",
              "aggregation_interval": "string",
              "aggregations": [
                "list",
                "string"
              ],
              "auto_import": "bool",
              "drop": "bool",
              "drop_labels": [
                "list",
                "string"
              ],
              "keep_labels": [
                "list",
                "string"
              ],
              "match_type": "string",
              "metric": "string"
            }
          ],
          "apiserver_storage_data_key_generation_duration_seconds_bucket": [
            "object",
            {
              "aggregation_delay": "string",
              "aggregation_interval": "string",
              "aggregations": [
                "list",
                "string"
              ],
              "auto_import": "bool",
              "drop": "bool",
              "drop_labels": [
                "list",
                "string"
              ],
              "keep_labels": [
                "list",
                "string"
              ],
              "match_type": "string",
              "metric": "string"
            }
          ],
          "apiserver_storage_list_evaluated_objects_total": [
            "object",
            {
              "aggregation_delay": "string",
              "aggregation_interval": "string",
              "aggregations": [
                "list",
                "string"
              ],
              "auto_import": "bool",
              "drop": "bool",
              "drop_labels": [
                "list",
                "string"
              ],
              "keep_labels": [
                "list",
                "string"
              ],
              "match_type": "string",
              "metric": "string"
            }
          ],
          "apiserver_storage_list_fetched_objects_total": [
            "object",
            {
              "aggregation_delay": "string",
              "aggregation_interval": "string",
              "aggregations": [
                "list",
                "string"
              ],
              "auto_import": "bool",
              "drop": "bool",
              "drop_labels": [
                "list",
                "string"
              ],
              "keep_labels": [
                "list",
                "string"
              ],
              "match_type": "string",
              "metric": "string"
            }
          ],
          "apiserver_storage_list_returned_objects_total": [
            "object",
            {
              "aggregation_delay": "string",
              "aggregation_interval": "string",
              "aggregations": [
                "list",
                "string"
              ],
              "auto_import": "bool",
              "drop": "bool",
              "drop_labels": [
                "list",
                "string"
              ],
              "keep_labels": [
                "list",
                "string"
              ],
              "match_type": "string",
              "metric": "string"
            }
          ],
          "apiserver_storage_list_total": [
            "object",
            {
              "aggregation_delay": "string",
              "aggregation_interval": "string",
              "aggregations": [
                "list",
                "string"
              ],
              "auto_import": "bool",
              "drop": "bool",
              "drop_labels": [
                "list",
                "string"
              ],
              "keep_labels": [
                "list",
                "string"
              ],
              "match_type": "string",
              "metric": "string"
            }
          ],
          "apiserver_storage_objects": [
            "object",
            {
              "aggregation_delay": "string",
              "aggregation_interval": "string",
              "aggregations": [
                "list",
                "string"
              ],
              "auto_import": "bool",
              "drop": "bool",
              "drop_labels": [
                "list",
                "string"
              ],
              "keep_labels": [
                "list",
                "string"
              ],
              "match_type": "string",
              "metric": "string"
            }
          ],
          "apiserver_watch_cache_events_dispatched_total": [
            "object",
            {
              "aggregation_delay": "string",
              "aggregation_interval": "string",
              "aggregations": [
                "list",
                "string"
              ],
              "auto_import": "bool",
              "drop": "bool",
              "drop_labels": [
                "list",
                "string"
              ],
              "keep_labels": [
                "list",
                "string"
              ],
              "match_type": "string",
              "metric": "string"
            }
          ],
          "apiserver_watch_cache_initializations_total": [
            "object",
            {
              "aggregation_delay": "string",
              "aggregation_interval": "string",
              "aggregations": [
                "list",
                "string"
              ],
              "auto_import": "bool",
              "drop": "bool",
              "drop_labels": [
                "list",
                "string"
              ],
              "keep_labels": [
                "list",
                "string"
              ],
              "match_type": "string",
              "metric": "string"
            }
          ],
          "apiserver_watch_events_sizes_bucket": [
            "object",
            {
              "aggregation_delay": "string",
              "aggregation_interval": "string",
              "aggregations": [
                "list",
                "string"
              ],
              "auto_import": "bool",
              "drop": "bool",
              "drop_labels": [
                "list",
                "string"
              ],
              "keep_labels": [
                "list",
                "string"
              ],
              "match_type": "string",
              "metric": "string"
            }
          ],
          "apiserver_watch_events_sizes_count": [
            "object",
            {
              "aggregation_delay": "string",
              "aggregation_interval": "string",
              "aggregations": [
                "list",
                "string"
              ],
              "auto_import": "bool",
              "drop": "bool",
              "drop_labels": [
                "list",
                "string"
              ],
              "keep_labels": [
                "list",
                "string"
              ],
              "match_type": "string",
              "metric": "string"
            }
          ],
          "apiserver_watch_events_sizes_sum": [
            "object",
            {
              "aggregation_delay": "string",
              "aggregation_interval": "string",
              "aggregations": [
                "list",
                "string"
              ],
              "auto_import": "bool",
              "drop": "bool",
              "drop_labels": [
                "list",
                "string"
              ],
              "keep_labels": [
                "list",
                "string"
              ],
              "match_type": "string",
              "metric": "string"
            }
          ],
          "authentication_token_cache_request_duration_seconds_bucket": [
            "object",
            {
              "aggregation_delay": "string",
              "aggregation_interval": "string",
              "aggregations": [
                "list",
                "string"
              ],
              "auto_import": "bool",
              "drop": "bool",
              "drop_labels": [
                "list",
                "string"
              ],
              "keep_labels": [
                "list",
                "string"
              ],
              "match_type": "string",
              "metric": "string"
            }
          ],
          "cluster_quantile:apiserver_request_sli_duration_seconds:histogram_quantile": [
            "object",
            {
              "aggregation_delay": "string",
              "aggregation_interval": "string",
              "aggregations": [
                "list",
                "string"
              ],
              "auto_import": "bool",
              "drop": "bool",
              "drop_labels": [
                "list",
                "string"
              ],
              "keep_labels": [
                "list",
                "string"
              ],
              "match_type": "string",
              "metric": "string"
            }
          ],
          "cluster_verb_scope_le:apiserver_request_sli_duration_seconds_bucket:increase1h": [
            "object",
            {
              "aggregation_delay": "string",
              "aggregation_interval": "string",
              "aggregations": [
                "list",
                "string"
              ],
              "auto_import": "bool",
              "drop": "bool",
              "drop_labels": [
                "list",
                "string"
              ],
              "keep_labels": [
                "list",
                "string"
              ],
              "match_type": "string",
              "metric": "string"
            }
          ],
          "cluster_verb_scope_le:apiserver_request_sli_duration_seconds_bucket:increase30d": [
            "object",
            {
              "aggregation_delay": "string",
              "aggregation_interval": "string",
              "aggregations": [
                "list",
                "string"
              ],
              "auto_import": "bool",
              "drop": "bool",
              "drop_labels": [
                "list",
                "string"
              ],
              "keep_labels": [
                "list",
                "string"
              ],
              "match_type": "string",
              "metric": "string"
            }
          ],
          "code_resource:apiserver_request_total:rate5m": [
            "object",
            {
              "aggregation_delay": "string",
              "aggregation_interval": "string",
              "aggregations": [
                "list",
                "string"
              ],
              "auto_import": "bool",
              "drop": "bool",
              "drop_labels": [
                "list",
                "string"
              ],
              "keep_labels": [
                "list",
                "string"
              ],
              "match_type": "string",
              "metric": "string"
            }
          ],
          "container_blkio_device_usage_total": [
            "object",
            {
              "aggregation_delay": "string",
              "aggregation_interval": "string",
              "aggregations": [
                "list",
                "string"
              ],
              "auto_import": "bool",
              "drop": "bool",
              "drop_labels": [
                "list",
                "string"
              ],
              "keep_labels": [
                "list",
                "string"
              ],
              "match_type": "string",
              "metric": "string"
            }
          ],
          "container_fs_reads_bytes_total": [
            "object",
            {
              "aggregation_delay": "string",
              "aggregation_interval": "string",
              "aggregations": [
                "list",
                "string"
              ],
              "auto_import": "bool",
              "drop": "bool",
              "drop_labels": [
                "list",
                "string"
              ],
              "keep_labels": [
                "list",
                "string"
              ],
              "match_type": "string",
              "metric": "string"
            }
          ],
          "container_fs_reads_total": [
            "object",
            {
              "aggregation_delay": "string",
              "aggregation_interval": "string",
              "aggregations": [
                "list",
                "string"
              ],
              "auto_import": "bool",
              "drop": "bool",
              "drop_labels": [
                "list",
                "string"
              ],
              "keep_labels": [
                "list",
                "string"
              ],
              "match_type": "string",
              "metric": "string"
            }
          ],
          "container_fs_writes_bytes_total": [
            "object",
            {
              "aggregation_delay": "string",
              "aggregation_interval": "string",
              "aggregations": [
                "list",
                "string"
              ],
              "auto_import": "bool",
              "drop": "bool",
              "drop_labels": [
                "list",
                "string"
              ],
              "keep_labels": [
                "list",
                "string"
              ],
              "match_type": "string",
              "metric": "string"
            }
          ],
          "container_last_seen": [
            "object",
            {
              "aggregation_delay": "string",
              "aggregation_interval": "string",
              "aggregations": [
                "list",
                "string"
              ],
              "auto_import": "bool",
              "drop": "bool",
              "drop_labels": [
                "list",
                "string"
              ],
              "keep_labels": [
                "list",
                "string"
              ],
              "match_type": "string",
              "metric": "string"
            }
          ],
          "container_memory_cache": [
            "object",
            {
              "aggregation_delay": "string",
              "aggregation_interval": "string",
              "aggregations": [
                "list",
                "string"
              ],
              "auto_import": "bool",
              "drop": "bool",
              "drop_labels": [
                "list",
                "string"
              ],
              "keep_labels": [
                "list",
                "string"
              ],
              "match_type": "string",
              "metric": "string"
            }
          ],
          "container_memory_failcnt": [
            "object",
            {
              "aggregation_delay": "string",
              "aggregation_interval": "string",
              "aggregations": [
                "list",
                "string"
              ],
              "auto_import": "bool",
              "drop": "bool",
              "drop_labels": [
                "list",
                "string"
              ],
              "keep_labels": [
                "list",
                "string"
              ],
              "match_type": "string",
              "metric": "string"
            }
          ],
          "container_memory_failures_total": [
            "object",
            {
              "aggregation_delay": "string",
              "aggregation_interval": "string",
              "aggregations": [
                "list",
                "string"
              ],
              "auto_import": "bool",
              "drop": "bool",
              "drop_labels": [
                "list",
                "string"
              ],
              "keep_labels": [
                "list",
                "string"
              ],
              "match_type": "string",
              "metric": "string"
            }
          ],
          "container_memory_kernel_usage": [
            "object",
            {
              "aggregation_delay": "string",
              "aggregation_interval": "string",
              "aggregations": [
                "list",
                "string"
              ],
              "auto_import": "bool",
              "drop": "bool",
              "drop_labels": [
                "list",
                "string"
              ],
              "keep_labels": [
                "list",
                "string"
              ],
              "match_type": "string",
              "metric": "string"
            }
          ],
          "container_memory_max_usage_bytes": [
            "object",
            {
              "aggregation_delay": "string",
              "aggregation_interval": "string",
              "aggregations": [
                "list",
                "string"
              ],
              "auto_import": "bool",
              "drop": "bool",
              "drop_labels": [
                "list",
                "string"
              ],
              "keep_labels": [
                "list",
                "string"
              ],
              "match_type": "string",
              "metric": "string"
            }
          ],
          "container_network_receive_bytes_total": [
            "object",
            {
              "aggregation_delay": "string",
              "aggregation_interval": "string",
              "aggregations": [
                "list",
                "string"
              ],
              "auto_import": "bool",
              "drop": "bool",
              "drop_labels": [
                "list",
                "string"
              ],
              "keep_labels": [
                "list",
                "string"
              ],
              "match_type": "string",
              "metric": "string"
            }
          ],
          "container_network_receive_errors_total": [
            "object",
            {
              "aggregation_delay": "string",
              "aggregation_interval": "string",
              "aggregations": [
                "list",
                "string"
              ],
              "auto_import": "bool",
              "drop": "bool",
              "drop_labels": [
                "list",
                "string"
              ],
              "keep_labels": [
                "list",
                "string"
              ],
              "match_type": "string",
              "metric": "string"
            }
          ],
          "container_network_receive_packets_dropped_total": [
            "object",
            {
              "aggregation_delay": "string",
              "aggregation_interval": "string",
              "aggregations": [
                "list",
                "string"
              ],
              "auto_import": "bool",
              "drop": "bool",
              "drop_labels": [
                "list",
                "string"
              ],
              "keep_labels": [
                "list",
                "string"
              ],
              "match_type": "string",
              "metric": "string"
            }
          ],
          "container_network_receive_packets_total": [
            "object",
            {
              "aggregation_delay": "string",
              "aggregation_interval": "string",
              "aggregations": [
                "list",
                "string"
              ],
              "auto_import": "bool",
              "drop": "bool",
              "drop_labels": [
                "list",
                "string"
              ],
              "keep_labels": [
                "list",
                "string"
              ],
              "match_type": "string",
              "metric": "string"
            }
          ],
          "container_network_transmit_bytes_total": [
            "object",
            {
              "aggregation_delay": "string",
              "aggregation_interval": "string",
              "aggregations": [
                "list",
                "string"
              ],
              "auto_import": "bool",
              "drop": "bool",
              "drop_labels": [
                "list",
                "string"
              ],
              "keep_labels": [
                "list",
                "string"
              ],
              "match_type": "string",
              "metric": "string"
            }
          ],
          "container_network_transmit_errors_total": [
            "object",
            {
              "aggregation_delay": "string",
              "aggregation_interval": "string",
              "aggregations": [
                "list",
                "string"
              ],
              "auto_import": "bool",
              "drop": "bool",
              "drop_labels": [
                "list",
                "string"
              ],
              "keep_labels": [
                "list",
                "string"
              ],
              "match_type": "string",
              "metric": "string"
            }
          ],
          "container_network_transmit_packets_dropped_total": [
            "object",
            {
              "aggregation_delay": "string",
              "aggregation_interval": "string",
              "aggregations": [
                "list",
                "string"
              ],
              "auto_import": "bool",
              "drop": "bool",
              "drop_labels": [
                "list",
                "string"
              ],
              "keep_labels": [
                "list",
                "string"
              ],
              "match_type": "string",
              "metric": "string"
            }
          ],
          "container_network_transmit_packets_total": [
            "object",
            {
              "aggregation_delay": "string",
              "aggregation_interval": "string",
              "aggregations": [
                "list",
                "string"
              ],
              "auto_import": "bool",
              "drop": "bool",
              "drop_labels": [
                "list",
                "string"
              ],
              "keep_labels": [
                "list",
                "string"
              ],
              "match_type": "string",
              "metric": "string"
            }
          ],
          "container_oom_events_total": [
            "object",
            {
              "aggregation_delay": "string",
              "aggregation_interval": "string",
              "aggregations": [
                "list",
                "string"
              ],
              "auto_import": "bool",
              "drop": "bool",
              "drop_labels": [
                "list",
                "string"
              ],
              "keep_labels": [
                "list",
                "string"
              ],
              "match_type": "string",
              "metric": "string"
            }
          ],
          "container_processes": [
            "object",
            {
              "aggregation_delay": "string",
              "aggregation_interval": "string",
              "aggregations": [
                "list",
                "string"
              ],
              "auto_import": "bool",
              "drop": "bool",
              "drop_labels": [
                "list",
                "string"
              ],
              "keep_labels": [
                "list",
                "string"
              ],
              "match_type": "string",
              "metric": "string"
            }
          ],
          "container_sockets": [
            "object",
            {
              "aggregation_delay": "string",
              "aggregation_interval": "string",
              "aggregations": [
                "list",
                "string"
              ],
              "auto_import": "bool",
              "drop": "bool",
              "drop_labels": [
                "list",
                "string"
              ],
              "keep_labels": [
                "list",
                "string"
              ],
              "match_type": "string",
              "metric": "string"
            }
          ],
          "container_start_time_seconds": [
            "object",
            {
              "aggregation_delay": "string",
              "aggregation_interval": "string",
              "aggregations": [
                "list",
                "string"
              ],
              "auto_import": "bool",
              "drop": "bool",
              "drop_labels": [
                "list",
                "string"
              ],
              "keep_labels": [
                "list",
                "string"
              ],
              "match_type": "string",
              "metric": "string"
            }
          ],
          "container_threads": [
            "object",
            {
              "aggregation_delay": "string",
              "aggregation_interval": "string",
              "aggregations": [
                "list",
                "string"
              ],
              "auto_import": "bool",
              "drop": "bool",
              "drop_labels": [
                "list",
                "string"
              ],
              "keep_labels": [
                "list",
                "string"
              ],
              "match_type": "string",
              "metric": "string"
            }
          ],
          "container_ulimits_soft": [
            "object",
            {
              "aggregation_delay": "string",
              "aggregation_interval": "string",
              "aggregations": [
                "list",
                "string"
              ],
              "auto_import": "bool",
              "drop": "bool",
              "drop_labels": [
                "list",
                "string"
              ],
              "keep_labels": [
                "list",
                "string"
              ],
              "match_type": "string",
              "metric": "string"
            }
          ],
          "csi_operations_seconds_bucket": [
            "object",
            {
              "aggregation_delay": "string",
              "aggregation_interval": "string",
              "aggregations": [
                "list",
                "string"
              ],
              "auto_import": "bool",
              "drop": "bool",
              "drop_labels": [
                "list",
                "string"
              ],
              "keep_labels": [
                "list",
                "string"
              ],
              "match_type": "string",
              "metric": "string"
            }
          ],
          "etcd_request_duration_seconds_bucket": [
            "object",
            {
              "aggregation_delay": "string",
              "aggregation_interval": "string",
              "aggregations": [
                "list",
                "string"
              ],
              "auto_import": "bool",
              "drop": "bool",
              "drop_labels": [
                "list",
                "string"
              ],
              "keep_labels": [
                "list",
                "string"
              ],
              "match_type": "string",
              "metric": "string"
            }
          ],
          "etcd_request_duration_seconds_count": [
            "object",
            {
              "aggregation_delay": "string",
              "aggregation_interval": "string",
              "aggregations": [
                "list",
                "string"
              ],
              "auto_import": "bool",
              "drop": "bool",
              "drop_labels": [
                "list",
                "string"
              ],
              "keep_labels": [
                "list",
                "string"
              ],
              "match_type": "string",
              "metric": "string"
            }
          ],
          "etcd_request_duration_seconds_sum": [
            "object",
            {
              "aggregation_delay": "string",
              "aggregation_interval": "string",
              "aggregations": [
                "list",
                "string"
              ],
              "auto_import": "bool",
              "drop": "bool",
              "drop_labels": [
                "list",
                "string"
              ],
              "keep_labels": [
                "list",
                "string"
              ],
              "match_type": "string",
              "metric": "string"
            }
          ],
          "kube_pod_status_qos_class": [
            "object",
            {
              "aggregation_delay": "string",
              "aggregation_interval": "string",
              "aggregations": [
                "list",
                "string"
              ],
              "auto_import": "bool",
              "drop": "bool",
              "drop_labels": [
                "list",
                "string"
              ],
              "keep_labels": [
                "list",
                "string"
              ],
              "match_type": "string",
              "metric": "string"
            }
          ],
          "kube_pod_status_ready": [
            "object",
            {
              "aggregation_delay": "string",
              "aggregation_interval": "string",
              "aggregations": [
                "list",
                "string"
              ],
              "auto_import": "bool",
              "drop": "bool",
              "drop_labels": [
                "list",
                "string"
              ],
              "keep_labels": [
                "list",
                "string"
              ],
              "match_type": "string",
              "metric": "string"
            }
          ],
          "kube_pod_status_reason": [
            "object",
            {
              "aggregation_delay": "string",
              "aggregation_interval": "string",
              "aggregations": [
                "list",
                "string"
              ],
              "auto_import": "bool",
              "drop": "bool",
              "drop_labels": [
                "list",
                "string"
              ],
              "keep_labels": [
                "list",
                "string"
              ],
              "match_type": "string",
              "metric": "string"
            }
          ],
          "kube_pod_status_scheduled": [
            "object",
            {
              "aggregation_delay": "string",
              "aggregation_interval": "string",
              "aggregations": [
                "list",
                "string"
              ],
              "auto_import": "bool",
              "drop": "bool",
              "drop_labels": [
                "list",
                "string"
              ],
              "keep_labels": [
                "list",
                "string"
              ],
              "match_type": "string",
              "metric": "string"
            }
          ],
          "kube_pod_tolerations": [
            "object",
            {
              "aggregation_delay": "string",
              "aggregation_interval": "string",
              "aggregations": [
                "list",
                "string"
              ],
              "auto_import": "bool",
              "drop": "bool",
              "drop_labels": [
                "list",
                "string"
              ],
              "keep_labels": [
                "list",
                "string"
              ],
              "match_type": "string",
              "metric": "string"
            }
          ],
          "kubelet_cgroup_manager_duration_seconds_bucket": [
            "object",
            {
              "aggregation_delay": "string",
              "aggregation_interval": "string",
              "aggregations": [
                "list",
                "string"
              ],
              "auto_import": "bool",
              "drop": "bool",
              "drop_labels": [
                "list",
                "string"
              ],
              "keep_labels": [
                "list",
                "string"
              ],
              "match_type": "string",
              "metric": "string"
            }
          ],
          "kubelet_container_log_filesystem_used_bytes": [
            "object",
            {
              "aggregation_delay": "string",
              "aggregation_interval": "string",
              "aggregations": [
                "list",
                "string"
              ],
              "auto_import": "bool",
              "drop": "bool",
              "drop_labels": [
                "list",
                "string"
              ],
              "keep_labels": [
                "list",
                "string"
              ],
              "match_type": "string",
              "metric": "string"
            }
          ],
          "kubelet_http_requests_duration_seconds_bucket": [
            "object",
            {
              "aggregation_delay": "string",
              "aggregation_interval": "string",
              "aggregations": [
                "list",
                "string"
              ],
              "auto_import": "bool",
              "drop": "bool",
              "drop_labels": [
                "list",
                "string"
              ],
              "keep_labels": [
                "list",
                "string"
              ],
              "match_type": "string",
              "metric": "string"
            }
          ],
          "kubelet_pod_start_duration_seconds_bucket": [
            "object",
            {
              "aggregation_delay": "string",
              "aggregation_interval": "string",
              "aggregations": [
                "list",
                "string"
              ],
              "auto_import": "bool",
              "drop": "bool",
              "drop_labels": [
                "list",
                "string"
              ],
              "keep_labels": [
                "list",
                "string"
              ],
              "match_type": "string",
              "metric": "string"
            }
          ],
          "kubelet_pod_start_sli_duration_seconds_bucket": [
            "object",
            {
              "aggregation_delay": "string",
              "aggregation_interval": "string",
              "aggregations": [
                "list",
                "string"
              ],
              "auto_import": "bool",
              "drop": "bool",
              "drop_labels": [
                "list",
                "string"
              ],
              "keep_labels": [
                "list",
                "string"
              ],
              "match_type": "string",
              "metric": "string"
            }
          ],
          "kubelet_pod_start_total_duration_seconds_bucket": [
            "object",
            {
              "aggregation_delay": "string",
              "aggregation_interval": "string",
              "aggregations": [
                "list",
                "string"
              ],
              "auto_import": "bool",
              "drop": "bool",
              "drop_labels": [
                "list",
                "string"
              ],
              "keep_labels": [
                "list",
                "string"
              ],
              "match_type": "string",
              "metric": "string"
            }
          ],
          "kubelet_pod_worker_duration_seconds_bucket": [
            "object",
            {
              "aggregation_delay": "string",
              "aggregation_interval": "string",
              "aggregations": [
                "list",
                "string"
              ],
              "auto_import": "bool",
              "drop": "bool",
              "drop_labels": [
                "list",
                "string"
              ],
              "keep_labels": [
                "list",
                "string"
              ],
              "match_type": "string",
              "metric": "string"
            }
          ],
          "kubelet_runtime_operations_duration_seconds_bucket": [
            "object",
            {
              "aggregation_delay": "string",
              "aggregation_interval": "string",
              "aggregations": [
                "list",
                "string"
              ],
              "auto_import": "bool",
              "drop": "bool",
              "drop_labels": [
                "list",
                "string"
              ],
              "keep_labels": [
                "list",
                "string"
              ],
              "match_type": "string",
              "metric": "string"
            }
          ],
          "kubelet_runtime_operations_duration_seconds_count": [
            "object",
            {
              "aggregation_delay": "string",
              "aggregation_interval": "string",
              "aggregations": [
                "list",
                "string"
              ],
              "auto_import": "bool",
              "drop": "bool",
              "drop_labels": [
                "list",
                "string"
              ],
              "keep_labels": [
                "list",
                "string"
              ],
              "match_type": "string",
              "metric": "string"
            }
          ],
          "kubelet_runtime_operations_duration_seconds_sum": [
            "object",
            {
              "aggregation_delay": "string",
              "aggregation_interval": "string",
              "aggregations": [
                "list",
                "string"
              ],
              "auto_import": "bool",
              "drop": "bool",
              "drop_labels": [
                "list",
                "string"
              ],
              "keep_labels": [
                "list",
                "string"
              ],
              "match_type": "string",
              "metric": "string"
            }
          ],
          "kubelet_runtime_operations_total": [
            "object",
            {
              "aggregation_delay": "string",
              "aggregation_interval": "string",
              "aggregations": [
                "list",
                "string"
              ],
              "auto_import": "bool",
              "drop": "bool",
              "drop_labels": [
                "list",
                "string"
              ],
              "keep_labels": [
                "list",
                "string"
              ],
              "match_type": "string",
              "metric": "string"
            }
          ],
          "kubelet_volume_metric_collection_duration_seconds_bucket": [
            "object",
            {
              "aggregation_delay": "string",
              "aggregation_interval": "string",
              "aggregations": [
                "list",
                "string"
              ],
              "auto_import": "bool",
              "drop": "bool",
              "drop_labels": [
                "list",
                "string"
              ],
              "keep_labels": [
                "list",
                "string"
              ],
              "match_type": "string",
              "metric": "string"
            }
          ],
          "kubernetes_feature_enabled": [
            "object",
            {
              "aggregation_delay": "string",
              "aggregation_interval": "string",
              "aggregations": [
                "list",
                "string"
              ],
              "auto_import": "bool",
              "drop": "bool",
              "drop_labels": [
                "list",
                "string"
              ],
              "keep_labels": [
                "list",
                "string"
              ],
              "match_type": "string",
              "metric": "string"
            }
          ],
          "node_namespace_pod_container:container_memory_cache": [
            "object",
            {
              "aggregation_delay": "string",
              "aggregation_interval": "string",
              "aggregations": [
                "list",
                "string"
              ],
              "auto_import": "bool",
              "drop": "bool",
              "drop_labels": [
                "list",
                "string"
              ],
              "keep_labels": [
                "list",
                "string"
              ],
              "match_type": "string",
              "metric": "string"
            }
          ],
          "node_namespace_pod_container:container_memory_rss": [
            "object",
            {
              "aggregation_delay": "string",
              "aggregation_interval": "string",
              "aggregations": [
                "list",
                "string"
              ],
              "auto_import": "bool",
              "drop": "bool",
              "drop_labels": [
                "list",
                "string"
              ],
              "keep_labels": [
                "list",
                "string"
              ],
              "match_type": "string",
              "metric": "string"
            }
          ],
          "node_nfs_requests_total": [
            "object",
            {
              "aggregation_delay": "string",
              "aggregation_interval": "string",
              "aggregations": [
                "list",
                "string"
              ],
              "auto_import": "bool",
              "drop": "bool",
              "drop_labels": [
                "list",
                "string"
              ],
              "keep_labels": [
                "list",
                "string"
              ],
              "match_type": "string",
              "metric": "string"
            }
          ],
          "node_scrape_collector_duration_seconds": [
            "object",
            {
              "aggregation_delay": "string",
              "aggregation_interval": "string",
              "aggregations": [
                "list",
                "string"
              ],
              "auto_import": "bool",
              "drop": "bool",
              "drop_labels": [
                "list",
                "string"
              ],
              "keep_labels": [
                "list",
                "string"
              ],
              "match_type": "string",
              "metric": "string"
            }
          ],
          "node_scrape_collector_success": [
            "object",
            {
              "aggregation_delay": "string",
              "aggregation_interval": "string",
              "aggregations": [
                "list",
                "string"
              ],
              "auto_import": "bool",
              "drop": "bool",
              "drop_labels": [
                "list",
                "string"
              ],
              "keep_labels": [
                "list",
                "string"
              ],
              "match_type": "string",
              "metric": "string"
            }
          ],
          "prober_probe_duration_seconds_bucket": [
            "object",
            {
              "aggregation_delay": "string",
              "aggregation_interval": "string",
              "aggregations": [
                "list",
                "string"
              ],
              "auto_import": "bool",
              "drop": "bool",
              "drop_labels": [
                "list",
                "string"
              ],
              "keep_labels": [
                "list",
                "string"
              ],
              "match_type": "string",
              "metric": "string"
            }
          ],
          "prober_probe_duration_seconds_count": [
            "object",
            {
              "aggregation_delay": "string",
              "aggregation_interval": "string",
              "aggregations": [
                "list",
                "string"
              ],
              "auto_import": "bool",
              "drop": "bool",
              "drop_labels": [
                "list",
                "string"
              ],
              "keep_labels": [
                "list",
                "string"
              ],
              "match_type": "string",
              "metric": "string"
            }
          ],
          "prober_probe_duration_seconds_sum": [
            "object",
            {
              "aggregation_delay": "string",
              "aggregation_interval": "string",
              "aggregations": [
                "list",
                "string"
              ],
              "auto_import": "bool",
              "drop": "bool",
              "drop_labels": [
                "list",
                "string"
              ],
              "keep_labels": [
                "list",
                "string"
              ],
              "match_type": "string",
              "metric": "string"
            }
          ],
          "prober_probe_total": [
            "object",
            {
              "aggregation_delay": "string",
              "aggregation_interval": "string",
              "aggregations": [
                "list",
                "string"
              ],
              "auto_import": "bool",
              "drop": "bool",
              "drop_labels": [
                "list",
                "string"
              ],
              "keep_labels": [
                "list",
                "string"
              ],
              "match_type": "string",
              "metric": "string"
            }
          ],
          "rest_client_rate_limiter_duration_seconds_bucket": [
            "object",
            {
              "aggregation_delay": "string",
              "aggregation_interval": "string",
              "aggregations": [
                "list",
                "string"
              ],
              "auto_import": "bool",
              "drop": "bool",
              "drop_labels": [
                "list",
                "string"
              ],
              "keep_labels": [
                "list",
                "string"
              ],
              "match_type": "string",
              "metric": "string"
            }
          ],
          "rest_client_request_duration_seconds_bucket": [
            "object",
            {
              "aggregation_delay": "string",
              "aggregation_interval": "string",
              "aggregations": [
                "list",
                "string"
              ],
              "auto_import": "bool",
              "drop": "bool",
              "drop_labels": [
                "list",
                "string"
              ],
              "keep_labels": [
                "list",
                "string"
              ],
              "match_type": "string",
              "metric": "string"
            }
          ],
          "rest_client_request_size_bytes_bucket": [
            "object",
            {
              "aggregation_delay": "string",
              "aggregation_interval": "string",
              "aggregations": [
                "list",
                "string"
              ],
              "auto_import": "bool",
              "drop": "bool",
              "drop_labels": [
                "list",
                "string"
              ],
              "keep_labels": [
                "list",
                "string"
              ],
              "match_type": "string",
              "metric": "string"
            }
          ],
          "rest_client_response_size_bytes_bucket": [
            "object",
            {
              "aggregation_delay": "string",
              "aggregation_interval": "string",
              "aggregations": [
                "list",
                "string"
              ],
              "auto_import": "bool",
              "drop": "bool",
              "drop_labels": [
                "list",
                "string"
              ],
              "keep_labels": [
                "list",
                "string"
              ],
              "match_type": "string",
              "metric": "string"
            }
          ],
          "storage_operation_duration_seconds_bucket": [
            "object",
            {
              "aggregation_delay": "string",
              "aggregation_interval": "string",
              "aggregations": [
                "list",
                "string"
              ],
              "auto_import": "bool",
              "drop": "bool",
              "drop_labels": [
                "list",
                "string"
              ],
              "keep_labels": [
                "list",
                "string"
              ],
              "match_type": "string",
              "metric": "string"
            }
          ],
          "storage_operation_duration_seconds_count": [
            "object",
            {
              "aggregation_delay": "string",
              "aggregation_interval": "string",
              "aggregations": [
                "list",
                "string"
              ],
              "auto_import": "bool",
              "drop": "bool",
              "drop_labels": [
                "list",
                "string"
              ],
              "keep_labels": [
                "list",
                "string"
              ],
              "match_type": "string",
              "metric": "string"
            }
          ],
          "storage_operation_duration_seconds_sum": [
            "object",
            {
              "aggregation_delay": "string",
              "aggregation_interval": "string",
              "aggregations": [
                "list",
                "string"
              ],
              "auto_import": "bool",
              "drop": "bool",
              "drop_labels": [
                "list",
                "string"
              ],
              "keep_labels": [
                "list",
                "string"
              ],
              "match_type": "string",
              "metric": "string"
            }
          ],
          "volume_operation_total_seconds_bucket": [
            "object",
            {
              "aggregation_delay": "string",
              "aggregation_interval": "string",
              "aggregations": [
                "list",
                "string"
              ],
              "auto_import": "bool",
              "drop": "bool",
              "drop_labels": [
                "list",
                "string"
              ],
              "keep_labels": [
                "list",
                "string"
              ],
              "match_type": "string",
              "metric": "string"
            }
          ],
          "watch_cache_capacity": [
            "object",
            {
              "aggregation_delay": "string",
              "aggregation_interval": "string",
              "aggregations": [
                "list",
                "string"
              ],
              "auto_import": "bool",
              "drop": "bool",
              "drop_labels": [
                "list",
                "string"
              ],
              "keep_labels": [
                "list",
                "string"
              ],
              "match_type": "string",
              "metric": "string"
            }
          ],
          "workqueue_queue_duration_seconds_bucket": [
            "object",
            {
              "aggregation_delay": "string",
              "aggregation_interval": "string",
              "aggregations": [
                "list",
                "string"
              ],
              "auto_import": "bool",
              "drop": "bool",
              "drop_labels": [
                "list",
                "string"
              ],
              "keep_labels": [
                "list",
                "string"
              ],
              "match_type": "string",
              "metric": "string"
            }
          ],
          "workqueue_work_duration_seconds_bucket": [
            "object",
            {
              "aggregation_delay": "string",
              "aggregation_interval": "string",
              "aggregations": [
                "list",
                "string"
              ],
              "auto_import": "bool",
              "drop": "bool",
              "drop_labels": [
                "list",
                "string"
              ],
              "keep_labels": [
                "list",
                "string"
              ],
              "match_type": "string",
              "metric": "string"
            }
          ]
        }
      ]
    }
  },
  "resources": [
    {
      "mode": "managed",
      "type": "grafana-adaptive-metrics_rule",
      "name": "rules",
      "provider": "provider[\"registry.terraform.io/grafana/grafana-adaptive-metrics\"]",
      "instances": [
        {
          "index_key": "apiextensions_openapi_v2_regeneration_count",
          "schema_version": 0,
          "attributes": {
            "aggregation_delay": "",
            "aggregation_interval": "",
            "aggregations": [
              "sum:counter"
            ],
            "auto_import": true,
            "drop": false,
            "drop_labels": [
              "crd",
              "reason"
            ],
            "keep_labels": [],
            "match_type": "",
            "metric": "apiextensions_openapi_v2_regeneration_count"
          },
          "sensitive_attributes": []
        },
        {
          "index_key": "apiextensions_openapi_v3_regeneration_count",
          "schema_version": 0,
          "attributes": {
            "aggregation_delay": "",
            "aggregation_interval": "",
            "aggregations": [
              "sum:counter"
            ],
            "auto_import": true,
            "drop": false,
            "drop_labels": [
              "crd",
              "group",
              "reason",
              "version"
            ],
            "keep_labels": [],
            "match_type": "",
            "metric": "apiextensions_openapi_v3_regeneration_count"
          },
          "sensitive_attributes": []
        },
        {
          "index_key": "apiserver_admission_controller_admission_duration_seconds_bucket",
          "schema_version": 0,
          "attributes": {
            "aggregation_delay": "",
            "aggregation_interval": "",
            "aggregations": [
              "sum:counter"
            ],
            "auto_import": true,
            "drop": false,
            "drop_labels": [
              "name",
              "operation",
              "rejected",
              "type"
            ],
            "keep_labels": [],
            "match_type": "",
            "metric": "apiserver_admission_controller_admission_duration_seconds_bucket"
          },
          "sensitive_attributes": []
        },
        {
          "index_key": "apiserver_admission_webhook_admission_duration_seconds_bucket",
          "schema_version": 0,
          "attributes": {
            "aggregation_delay": "",
            "aggregation_interval": "",
            "aggregations": [
              "sum:counter"
            ],
            "auto_import": true,
            "drop": false,
            "drop_labels": [
              "name",
              "operation",
              "rejected",
              "type"
            ],
            "keep_labels": [],
            "match_type": "",
            "metric": "apiserver_admission_webhook_admission_duration_seconds_bucket"
          },
          "sensitive_attributes": []
        },
        {
          "index_key": "apiserver_cache_list_fetched_objects_total",
          "schema_version": 0,
          "attributes": {
            "aggregation_delay": "",
            "aggregation_interval": "",
            "aggregations": [
              "sum:counter"
            ],
            "auto_import": true,
            "drop": false,
            "drop_labels": [
              "index",
              "resource_prefix"
            ],
            "keep_labels": [],
            "match_type": "",
            "metric": "apiserver_cache_list_fetched_objects_total"
          },
          "sensitive_attributes": []
        },
        {
          "index_key": "apiserver_cache_list_returned_objects_total",
          "schema_version": 0,
          "attributes": {
            "aggregation_delay": "",
            "aggregation_interval": "",
            "aggregations": [
              "sum:counter"
            ],
            "auto_import": true,
            "drop": false,
            "drop_labels": [
              "resource_prefix"
            ],
            "keep_labels": [],
            "match_type": "",
            "metric": "apiserver_cache_list_returned_objects_total"
          },
          "sensitive_attributes": []
        },
        {
          "index_key": "apiserver_cache_list_total",
          "schema_version": 0,
          "attributes": {
            "aggregation_delay": "",
            "aggregation_interval": "",
            "aggregations": [
              "sum:counter"
            ],
            "auto_import": true,
            "drop": false,
            "drop_labels": [
              "index",
              "resource_prefix"
            ],
            "keep_labels": [],
            "match_type": "",
            "metric": "apiserver_cache_list_total"
          },
          "sensitive_attributes": []
        },
        {
          "index_key": "apiserver_client_certificate_expiration_seconds_bucket",
          "schema_version": 0,
          "attributes": {
            "aggregation_delay": "",
            "aggregation_interval": "",
            "aggregations": [
              "sum:counter"
            ],
            "auto_import": true,
            "drop": false,
            "drop_labels": [
              "endpoint",
              "instance",
              "metrics_path",
              "namespace",
              "node",
              "service"
            ],
            "keep_labels": [],
            "match_type": "",
            "metric": "apiserver_client_certificate_expiration_seconds_bucket"
          },
          "sensitive_attributes": []
        },
        {
          "index_key": "apiserver_delegated_authn_request_duration_seconds_bucket",
          "schema_version": 0,
          "attributes": {
            "aggregation_delay": "",
            "aggregation_interval": "",
            "aggregations": [
              "sum:counter"
            ],
            "auto_import": true,
            "drop": false,
            "drop_labels": [
              "code",
              "instance",
              "node",
              "service"
            ],
            "keep_labels": [],
            "match_type": "",
            "metric": "apiserver_delegated_authn_request_duration_seconds_bucket"
          },
          "sensitive_attributes": []
        },
        {
          "index_key": "apiserver_flowcontrol_demand_seats_bucket",
          "schema_version": 0,
          "attributes": {
            "aggregation_delay": "",
            "aggregation_interval": "",
            "aggregations": [
              "sum:counter"
            ],
            "auto_import": true,
            "drop": false,
            "drop_labels": [
              "priority_level"
            ],
            "keep_labels": [],
            "match_type": "",
            "metric": "apiserver_flowcontrol_demand_seats_bucket"
          },
          "sensitive_attributes": []
        },
        {
          "index_key": "apiserver_flowcontrol_priority_level_request_utilization_bucket",
          "schema_version": 0,
          "attributes": {
            "aggregation_delay": "",
            "aggregation_interval": "",
            "aggregations": [
              "sum:counter"
            ],
            "auto_import": true,
            "drop": false,
            "drop_labels": [
              "phase",
              "priority_level"
            ],
            "keep_labels": [],
            "match_type": "",
            "metric": "apiserver_flowcontrol_priority_level_request_utilization_bucket"
          },
          "sensitive_attributes": []
        },
        {
          "index_key": "apiserver_flowcontrol_priority_level_seat_utilization_bucket",
          "schema_version": 0,
          "attributes": {
            "aggregation_delay": "",
            "aggregation_interval": "",
            "aggregations": [
              "sum:counter"
            ],
            "auto_import": true,
            "drop": false,
            "drop_labels": [
              "priority_level"
            ],
            "keep_labels": [],
            "match_type": "",
            "metric": "apiserver_flowcontrol_priority_level_seat_utilization_bucket"
          },
          "sensitive_attributes": []
        },
        {
          "index_key": "apiserver_flowcontrol_request_execution_seconds_bucket",
          "schema_version": 0,
          "attributes": {
            "aggregation_delay": "",
            "aggregation_interval": "",
            "aggregations": [
              "sum:counter"
            ],
            "auto_import": true,
            "drop": false,
            "drop_labels": [
              "flow_schema",
              "priority_level",
              "type"
            ],
            "keep_labels": [],
            "match_type": "",
            "metric": "apiserver_flowcontrol_request_execution_seconds_bucket"
          },
          "sensitive_attributes": []
        },
        {
          "index_key": "apiserver_flowcontrol_request_wait_duration_seconds_bucket",
          "schema_version": 0,
          "attributes": {
            "aggregation_delay": "",
            "aggregation_interval": "",
            "aggregations": [
              "sum:counter"
            ],
            "auto_import": true,
            "drop": false,
            "drop_labels": [
              "flow_schema",
              "priority_level"
            ],
            "keep_labels": [],
            "match_type": "",
            "metric": "apiserver_flowcontrol_request_wait_duration_seconds_bucket"
          },
          "sensitive_attributes": []
        },
        {
          "index_key": "apiserver_longrunning_requests",
          "schema_version": 0,
          "attributes": {
            "aggregation_delay": "",
            "aggregation_interval": "",
            "aggregations": [
              "count",
              "sum"
            ],
            "auto_import": true,
            "drop": false,
            "drop_labels": [
              "group",
              "resource",
              "scope",
              "subresource",
              "verb",
              "version"
            ],
            "keep_labels": [],
            "match_type": "",
            "metric": "apiserver_longrunning_requests"
          },
          "sensitive_attributes": []
        },
        {
          "index_key": "apiserver_request_body_size_bytes_bucket",
          "schema_version": 0,
          "attributes": {
            "aggregation_delay": "",
            "aggregation_interval": "",
            "aggregations": [
              "sum:counter"
            ],
            "auto_import": true,
            "drop": false,
            "drop_labels": [
              "resource",
              "verb"
            ],
            "keep_labels": [],
            "match_type": "",
            "metric": "apiserver_request_body_size_bytes_bucket"
          },
          "sensitive_attributes": []
        },
        {
          "index_key": "apiserver_request_body_size_bytes_count",
          "schema_version": 0,
          "attributes": {
            "aggregation_delay": "",
            "aggregation_interval": "",
            "aggregations": [
              "sum:counter"
            ],
            "auto_import": true,
            "drop": false,
            "drop_labels": [
              "resource",
              "verb"
            ],
            "keep_labels": [],
            "match_type": "",
            "metric": "apiserver_request_body_size_bytes_count"
          },
          "sensitive_attributes": []
        },
        {
          "index_key": "apiserver_request_body_size_bytes_sum",
          "schema_version": 0,
          "attributes": {
            "aggregation_delay": "",
            "aggregation_interval": "",
            "aggregations": [
              "sum:counter"
            ],
            "auto_import": true,
            "drop": false,
            "drop_labels": [
              "resource",
              "verb"
            ],
            "keep_labels": [],
            "match_type": "",
            "metric": "apiserver_request_body_size_bytes_sum"
          },
          "sensitive_attributes": []
        },
        {
          "index_key": "apiserver_request_duration_seconds_bucket",
          "schema_version": 0,
          "attributes": {
            "aggregation_delay": "",
            "aggregation_interval": "",
            "aggregations": [
              "sum:counter"
            ],
            "auto_import": true,
            "drop": false,
            "drop_labels": [
              "component",
              "dry_run",
              "group",
              "resource",
              "scope",
              "subresource",
              "verb",
              "version"
            ],
            "keep_labels": [],
            "match_type": "",
            "metric": "apiserver_request_duration_seconds_bucket"
          },
          "sensitive_attributes": []
        },
        {
          "index_key": "apiserver_request_duration_seconds_count",
          "schema_version": 0,
          "attributes": {
            "aggregation_delay": "",
            "aggregation_interval": "",
            "aggregations": [
              "sum:counter"
            ],
            "auto_import": true,
            "drop": false,
            "drop_labels": [
              "component",
              "dry_run",
              "group",
              "resource",
              "scope",
              "subresource",
              "verb",
              "version"
            ],
            "keep_labels": [],
            "match_type": "",
            "metric": "apiserver_request_duration_seconds_count"
          },
          "sensitive_attributes": []
        },
        {
          "index_key": "apiserver_request_duration_seconds_sum",
          "schema_version": 0,
          "attributes": {
            "aggregation_delay": "",
            "aggregation_interval": "",
            "aggregations": [
              "sum:counter"
            ],
            "auto_import": true,
            "drop": false,
            "drop_labels": [
              "component",
              "dry_run",
              "group",
              "resource",
              "scope",
              "subresource",
              "verb",
              "version"
            ],
            "keep_labels": [],
            "match_type": "",
            "metric": "apiserver_request_duration_seconds_sum"
          },
          "sensitive_attributes": []
        },
        {
          "index_key": "apiserver_request_sli_duration_seconds_bucket",
          "schema_version": 0,
          "attributes": {
            "aggregation_delay": "",
            "aggregation_interval": "",
            "aggregations": [
              "sum:counter"
            ],
            "auto_import": true,
            "drop": false,
            "drop_labels": [
              "component",
              "group",
              "resource",
              "scope",
              "subresource",
              "verb",
              "version"
            ],
            "keep_labels": [],
            "match_type": "",
            "metric": "apiserver_request_sli_duration_seconds_bucket"
          },
          "sensitive_attributes": []
        },
        {
          "index_key": "apiserver_request_sli_duration_seconds_count",
          "schema_version": 0,
          "attributes": {
            "aggregation_delay": "",
            "aggregation_interval": "",
            "aggregations": [
              "sum:counter"
            ],
            "auto_import": true,
            "drop": false,
            "drop_labels": [
              "component",
              "group",
              "resource",
              "scope",
              "subresource",
              "verb",
              "version"
            ],
            "keep_labels": [],
            "match_type": "",
            "metric": "apiserver_request_sli_duration_seconds_count"
          },
          "sensitive_attributes": []
        },
        {
          "index_key": "apiserver_request_sli_duration_seconds_sum",
          "schema_version": 0,
          "attributes": {
            "aggregation_delay": "",
            "aggregation_interval": "",
            "aggregations": [
              "sum:counter"
            ],
            "auto_import": true,
            "drop": false,
            "drop_labels": [
              "component",
              "group",
              "resource",
              "scope",
              "subresource",
              "verb",
              "version"
            ],
            "keep_labels": [],
            "match_type": "",
            "metric": "apiserver_request_sli_duration_seconds_sum"
          },
          "sensitive_attributes": []
        },
        {
          "index_key": "apiserver_request_total",
          "schema_version": 0,
          "attributes": {
            "aggregation_delay": "",
            "aggregation_interval": "",
            "aggregations": [
              "sum:counter"
            ],
            "auto_import": true,
            "drop": false,
            "drop_labels": [
              "code",
              "component",
              "dry_run",
              "group",
              "resource",
              "scope",
              "subresource",
              "verb",
              "version"
            ],
            "keep_labels": [],
            "match_type": "",
            "metric": "apiserver_request_total"
          },
          "sensitive_attributes": []
        },
        {
          "index_key": "apiserver_response_sizes_bucket",
          "schema_version": 0,
          "attributes": {
            "aggregation_delay": "",
            "aggregation_interval": "",
            "aggregations": [
              "sum:counter"
            ],
            "auto_import": true,
            "drop": false,
            "drop_labels": [
              "component",
              "group",
              "resource",
              "scope",
              "subresource",
              "verb",
              "version"
            ],
            "keep_labels": [],
            "match_type": "",
            "metric": "apiserver_response_sizes_bucket"
          },
          "sensitive_attributes": []
        },
        {
          "index_key": "apiserver_response_sizes_count",
          "schema_version": 0,
          "attributes": {
            "aggregation_delay": "",
            "aggregation_interval": "",
            "aggregations": [
              "sum:counter"
            ],
            "auto_import": true,
            "drop": false,
            "drop_labels": [
              "component",
              "group",
              "resource",
              "scope",
              "subresource",
              "verb",
              "version"
            ],
            "keep_labels": [],
            "match_type": "",
            "metric": "apiserver_response_sizes_count"
          },
          "sensitive_attributes": []
        },
        {
          "index_key": "apiserver_response_sizes_sum",
          "schema_version": 0,
          "attributes": {
            "aggregation_delay": "",
            "aggregation_interval": "",
            "aggregations": [
              "sum:counter"
            ],
            "auto_import": true,
            "drop": false,
            "drop_labels": [
              "component",
              "group",
              "resource",
              "scope",
              "subresource",
              "verb",
              "version"
            ],
            "keep_labels": [],
            "match_type": "",
            "metric": "apiserver_response_sizes_sum"
          },
          "sensitive_attributes": []
        },
        {
          "index_key": "apiserver_storage_data_key_generation_duration_seconds_bucket",
          "schema_version": 0,
          "attributes": {
            "aggregation_delay": "",
            "aggregation_interval": "",
            "aggregations": [
              "sum:counter"
            ],
            "auto_import": true,
            "drop": false,
            "drop_labels": [
              "endpoint",
              "instance",
              "metrics_path",
              "namespace",
              "node",
              "service"
            ],
            "keep_labels": [],
            "match_type": "",
            "metric": "apiserver_storage_data_key_generation_duration_seconds_bucket"
          },
          "sensitive_attributes": []
        },
        {
          "index_key": "apiserver_storage_list_evaluated_objects_total",
          "schema_version": 0,
          "attributes": {
            "aggregation_delay": "",
            "aggregation_interval": "",
            "aggregations": [
              "sum:counter"
            ],
            "auto_import": true,
            "drop": false,
            "drop_labels": [
              "resource"
            ],
            "keep_labels": [],
            "match_type": "",
            "metric": "apiserver_storage_list_evaluated_objects_total"
          },
          "sensitive_attributes": []
        },
        {
          "index_key": "apiserver_storage_list_fetched_objects_total",
          "schema_version": 0,
          "attributes": {
            "aggregation_delay": "",
            "aggregation_interval": "",
            "aggregations": [
              "sum:counter"
            ],
            "auto_import": true,
            "drop": false,
            "drop_labels": [
              "resource"
            ],
            "keep_labels": [],
            "match_type": "",
            "metric": "apiserver_storage_list_fetched_objects_total"
          },
          "sensitive_attributes": []
        },
        {
          "index_key": "apiserver_storage_list_returned_objects_total",
          "schema_version": 0,
          "attributes": {
            "aggregation_delay": "",
            "aggregation_interval": "",
            "aggregations": [
              "sum:counter"
            ],
            "auto_import": true,
            "drop": false,
            "drop_labels": [
              "resource"
            ],
            "keep_labels": [],
            "match_type": "",
            "metric": "apiserver_storage_list_returned_objects_total"
          },
          "sensitive_attributes": []
        },
        {
          "index_key": "apiserver_storage_list_total",
          "schema_version": 0,
          "attributes": {
            "aggregation_delay": "",
            "aggregation_interval": "",
            "aggregations": [
              "sum:counter"
            ],
            "auto_import": true,
            "drop": false,
            "drop_labels": [
              "resource"
            ],
            "keep_labels": [],
            "match_type": "",
            "metric": "apiserver_storage_list_total"
          },
          "sensitive_attributes": []
        },
        {
          "index_key": "apiserver_storage_objects",
          "schema_version": 0,
          "attributes": {
            "aggregation_delay": "",
            "aggregation_interval": "",
            "aggregations": [
              "count",
              "sum"
            ],
            "auto_import": true,
            "drop": false,
            "drop_labels": [
              "resource"
            ],
            "keep_labels": [],
            "match_type": "",
            "metric": "apiserver_storage_objects"
          },
          "sensitive_attributes": []
        },
        {
          "index_key": "apiserver_watch_cache_events_dispatched_total",
          "schema_version": 0,
          "attributes": {
            "aggregation_delay": "",
            "aggregation_interval": "",
            "aggregations": [
              "sum:counter"
            ],
            "auto_import": true,
            "drop": false,
            "drop_labels": [
              "resource"
            ],
            "keep_labels": [],
            "match_type": "",
            "metric": "apiserver_watch_cache_events_dispatched_total"
          },
          "sensitive_attributes": []
        },
        {
          "index_key": "apiserver_watch_cache_initializations_total",
          "schema_version": 0,
          "attributes": {
            "aggregation_delay": "",
            "aggregation_interval": "",
            "aggregations": [
              "sum:counter"
            ],
            "auto_import": true,
            "drop": false,
            "drop_labels": [
              "resource"
            ],
            "keep_labels": [],
            "match_type": "",
            "metric": "apiserver_watch_cache_initializations_total"
          },
          "sensitive_attributes": []
        },
        {
          "index_key": "apiserver_watch_events_sizes_bucket",
          "schema_version": 0,
          "attributes": {
            "aggregation_delay": "",
            "aggregation_interval": "",
            "aggregations": [
              "sum:counter"
            ],
            "auto_import": true,
            "drop": false,
            "drop_labels": [
              "group",
              "kind",
              "version"
            ],
            "keep_labels": [],
            "match_type": "",
            "metric": "apiserver_watch_events_sizes_bucket"
          },
          "sensitive_attributes": []
        },
        {
          "index_key": "apiserver_watch_events_sizes_count",
          "schema_version": 0,
          "attributes": {
            "aggregation_delay": "",
            "aggregation_interval": "",
            "aggregations": [
              "sum:counter"
            ],
            "auto_import": true,
            "drop": false,
            "drop_labels": [
              "group",
              "kind",
              "version"
            ],
            "keep_labels": [],
            "match_type": "",
            "metric": "apiserver_watch_events_sizes_count"
          },
          "sensitive_attributes": []
        },
        {
          "index_key": "apiserver_watch_events_sizes_sum",
          "schema_version": 0,
          "attributes": {
            "aggregation_delay": "",
            "aggregation_interval": "",
            "aggregations": [
              "sum:counter"
            ],
            "auto_import": true,
            "drop": false,
            "drop_labels": [
              "group",
              "kind",
              "version"
            ],
            "keep_labels": [],
            "match_type": "",
            "metric": "apiserver_watch_events_sizes_sum"
          },
          "sensitive_attributes": []
        },
        {
          "index_key": "authentication_token_cache_request_duration_seconds_bucket",
          "schema_version": 0,
          "attributes": {
            "aggregation_delay": "",
            "aggregation_interval": "",
            "aggregations": [
              "sum:counter"
            ],
            "auto_import": true,
            "drop": false,
            "drop_labels": [
              "endpoint",
              "instance",
              "metrics_path",
              "namespace",
              "node",
              "service",
              "status"
            ],
            "keep_labels": [],
            "match_type": "",
            "metric": "authentication_token_cache_request_duration_seconds_bucket"
          },
          "sensitive_attributes": []
        },
        {
          "index_key": "cluster_quantile:apiserver_request_sli_duration_seconds:histogram_quantile",
          "schema_version": 0,
          "attributes": {
            "aggregation_delay": "",
            "aggregation_interval": "",
            "aggregations": [
              "count",
              "sum"
            ],
            "auto_import": true,
            "drop": false,
            "drop_labels": [
              "resource",
              "verb"
            ],
            "keep_labels": [],
            "match_type": "",
            "metric": "cluster_quantile:apiserver_request_sli_duration_seconds:histogram_quantile"
          },
          "sensitive_attributes": []
        },
        {
          "index_key": "cluster_verb_scope_le:apiserver_request_sli_duration_seconds_bucket:increase1h",
          "schema_version": 0,
          "attributes": {
            "aggregation_delay": "",
            "aggregation_interval": "",
            "aggregations": [
              "count",
              "sum"
            ],
            "auto_import": true,
            "drop": false,
            "drop_labels": [
              "scope",
              "verb"
            ],
            "keep_labels": [],
            "match_type": "",
            "metric": "cluster_verb_scope_le:apiserver_request_sli_duration_seconds_bucket:increase1h"
          },
          "sensitive_attributes": []
        },
        {
          "index_key": "cluster_verb_scope_le:apiserver_request_sli_duration_seconds_bucket:increase30d",
          "schema_version": 0,
          "attributes": {
            "aggregation_delay": "",
            "aggregation_interval": "",
            "aggregations": [
              "count",
              "sum"
            ],
            "auto_import": true,
            "drop": false,
            "drop_labels": [
              "scope",
              "verb"
            ],
            "keep_labels": [],
            "match_type": "",
            "metric": "cluster_verb_scope_le:apiserver_request_sli_duration_seconds_bucket:increase30d"
          },
          "sensitive_attributes": []
        },
        {
          "index_key": "code_resource:apiserver_request_total:rate5m",
          "schema_version": 0,
          "attributes": {
            "aggregation_delay": "",
            "aggregation_interval": "",
            "aggregations": [
              "count",
              "sum"
            ],
            "auto_import": true,
            "drop": false,
            "drop_labels": [
              "code",
              "resource",
              "verb"
            ],
            "keep_labels": [],
            "match_type": "",
            "metric": "code_resource:apiserver_request_total:rate5m"
          },
          "sensitive_attributes": []
        },
        {
          "index_key": "container_blkio_device_usage_total",
          "schema_version": 0,
          "attributes": {
            "aggregation_delay": "",
            "aggregation_interval": "",
            "aggregations": [
              "sum:counter"
            ],
            "auto_import": true,
            "drop": false,
            "drop_labels": [
              "container",
              "device",
              "id",
              "image",
              "instance",
              "major",
              "minor",
              "name",
              "namespace",
              "node",
              "operation",
              "pod",
              "service"
            ],
            "keep_labels": [],
            "match_type": "",
            "metric": "container_blkio_device_usage_total"
          },
          "sensitive_attributes": []
        },
        {
          "index_key": "container_fs_reads_bytes_total",
          "schema_version": 0,
          "attributes": {
            "aggregation_delay": "",
            "aggregation_interval": "",
            "aggregations": [
              "sum:counter"
            ],
            "auto_import": true,
            "drop": false,
            "drop_labels": [
              "container",
              "device",
              "id",
              "image",
              "instance",
              "name",
              "namespace",
              "node",
              "pod",
              "service"
            ],
            "keep_labels": [],
            "match_type": "",
            "metric": "container_fs_reads_bytes_total"
          },
          "sensitive_attributes": []
        },
        {
          "index_key": "container_fs_reads_total",
          "schema_version": 0,
          "attributes": {
            "aggregation_delay": "",
            "aggregation_interval": "",
            "aggregations": [
              "sum:counter"
            ],
            "auto_import": true,
            "drop": false,
            "drop_labels": [
              "container",
              "device",
              "id",
              "image",
              "instance",
              "name",
              "namespace",
              "node",
              "pod",
              "service"
            ],
            "keep_labels": [],
            "match_type": "",
            "metric": "container_fs_reads_total"
          },
          "sensitive_attributes": []
        },
        {
          "index_key": "container_fs_writes_bytes_total",
          "schema_version": 0,
          "attributes": {
            "aggregation_delay": "",
            "aggregation_interval": "",
            "aggregations": [
              "sum:counter"
            ],
            "auto_import": true,
            "drop": false,
            "drop_labels": [
              "container",
              "device",
              "id",
              "image",
              "instance",
              "name",
              "namespace",
              "node",
              "pod",
              "service"
            ],
            "keep_labels": [],
            "match_type": "",
            "metric": "container_fs_writes_bytes_total"
          },
          "sensitive_attributes": []
        },
        {
          "index_key": "container_last_seen",
          "schema_version": 0,
          "attributes": {
            "aggregation_delay": "",
            "aggregation_interval": "",
            "aggregations": [
              "count",
              "sum"
            ],
            "auto_import": true,
            "drop": false,
            "drop_labels": [
              "container",
              "id",
              "image",
              "instance",
              "name",
              "namespace",
              "node",
              "pod",
              "service"
            ],
            "keep_labels": [],
            "match_type": "",
            "metric": "container_last_seen"
          },
          "sensitive_attributes": []
        },
        {
          "index_key": "container_memory_cache",
          "schema_version": 0,
          "attributes": {
            "aggregation_delay": "",
            "aggregation_interval": "",
            "aggregations": [
              "count",
              "sum"
            ],
            "auto_import": true,
            "drop": false,
            "drop_labels": [
              "container",
              "id",
              "image",
              "instance",
              "name",
              "namespace",
              "node",
              "pod",
              "service"
            ],
            "keep_labels": [],
            "match_type": "",
            "metric": "container_memory_cache"
          },
          "sensitive_attributes": []
        },
        {
          "index_key": "container_memory_failcnt",
          "schema_version": 0,
          "attributes": {
            "aggregation_delay": "",
            "aggregation_interval": "",
            "aggregations": [
              "sum:counter"
            ],
            "auto_import": true,
            "drop": false,
            "drop_labels": [
              "container",
              "id",
              "image",
              "instance",
              "name",
              "namespace",
              "node",
              "pod",
              "service"
            ],
            "keep_labels": [],
            "match_type": "",
            "metric": "container_memory_failcnt"
          },
          "sensitive_attributes": []
        },
        {
          "index_key": "container_memory_failures_total",
          "schema_version": 0,
          "attributes": {
            "aggregation_delay": "",
            "aggregation_interval": "",
            "aggregations": [
              "sum:counter"
            ],
            "auto_import": true,
            "drop": false,
            "drop_labels": [
              "container",
              "failure_type",
              "id",
              "image",
              "instance",
              "name",
              "namespace",
              "node",
              "pod",
              "scope",
              "service"
            ],
            "keep_labels": [],
            "match_type": "",
            "metric": "container_memory_failures_total"
          },
          "sensitive_attributes": []
        },
        {
          "index_key": "container_memory_kernel_usage",
          "schema_version": 0,
          "attributes": {
            "aggregation_delay": "",
            "aggregation_interval": "",
            "aggregations": [
              "count",
              "sum"
            ],
            "auto_import": true,
            "drop": false,
            "drop_labels": [
              "container",
              "id",
              "image",
              "instance",
              "name",
              "namespace",
              "node",
              "pod",
              "service"
            ],
            "keep_labels": [],
            "match_type": "",
            "metric": "container_memory_kernel_usage"
          },
          "sensitive_attributes": []
        },
        {
          "index_key": "container_memory_max_usage_bytes",
          "schema_version": 0,
          "attributes": {
            "aggregation_delay": "",
            "aggregation_interval": "",
            "aggregations": [
              "count",
              "sum"
            ],
            "auto_import": true,
            "drop": false,
            "drop_labels": [
              "container",
              "id",
              "image",
              "instance",
              "name",
              "namespace",
              "node",
              "pod",
              "service"
            ],
            "keep_labels": [],
            "match_type": "",
            "metric": "container_memory_max_usage_bytes"
          },
          "sensitive_attributes": []
        },
        {
          "index_key": "container_network_receive_bytes_total",
          "schema_version": 0,
          "attributes": {
            "aggregation_delay": "",
            "aggregation_interval": "",
            "aggregations": [
              "sum:counter"
            ],
            "auto_import": true,
            "drop": false,
            "drop_labels": [
              "name",
              "namespace",
              "node",
              "pod",
              "service"
            ],
            "keep_labels": [],
            "match_type": "",
            "metric": "container_network_receive_bytes_total"
          },
          "sensitive_attributes": []
        },
        {
          "index_key": "container_network_receive_errors_total",
          "schema_version": 0,
          "attributes": {
            "aggregation_delay": "",
            "aggregation_interval": "",
            "aggregations": [
              "sum:counter"
            ],
            "auto_import": true,
            "drop": false,
            "drop_labels": [
              "id",
              "instance",
              "interface",
              "name",
              "namespace",
              "node",
              "pod",
              "service"
            ],
            "keep_labels": [],
            "match_type": "",
            "metric": "container_network_receive_errors_total"
          },
          "sensitive_attributes": []
        },
        {
          "index_key": "container_network_receive_packets_dropped_total",
          "schema_version": 0,
          "attributes": {
            "aggregation_delay": "",
            "aggregation_interval": "",
            "aggregations": [
              "sum:counter"
            ],
            "auto_import": true,
            "drop": false,
            "drop_labels": [
              "id",
              "instance",
              "interface",
              "name",
              "namespace",
              "node",
              "pod",
              "service"
            ],
            "keep_labels": [],
            "match_type": "",
            "metric": "container_network_receive_packets_dropped_total"
          },
          "sensitive_attributes": []
        },
        {
          "index_key": "container_network_receive_packets_total",
          "schema_version": 0,
          "attributes": {
            "aggregation_delay": "",
            "aggregation_interval": "",
            "aggregations": [
              "sum:counter"
            ],
            "auto_import": true,
            "drop": false,
            "drop_labels": [
              "id",
              "instance",
              "interface",
              "name",
              "namespace",
              "node",
              "pod",
              "service"
            ],
            "keep_labels": [],
            "match_type": "",
            "metric": "container_network_receive_packets_total"
          },
          "sensitive_attributes": []
        },
        {
          "index_key": "container_network_transmit_bytes_total",
          "schema_version": 0,
          "attributes": {
            "aggregation_delay": "",
            "aggregation_interval": "",
            "aggregations": [
              "sum:counter"
            ],
            "auto_import": true,
            "drop": false,
            "drop_labels": [
              "name",
              "namespace",
              "node",
              "pod",
              "service"
            ],
            "keep_labels": [],
            "match_type": "",
            "metric": "container_network_transmit_bytes_total"
          },
          "sensitive_attributes": []
        },
        {
          "index_key": "container_network_transmit_errors_total",
          "schema_version": 0,
          "attributes": {
            "aggregation_delay": "",
            "aggregation_interval": "",
            "aggregations": [
              "sum:counter"
            ],
            "auto_import": true,
            "drop": false,
            "drop_labels": [
              "id",
              "instance",
              "interface",
              "name",
              "namespace",
              "node",
              "pod",
              "service"
            ],
            "keep_labels": [],
            "match_type": "",
            "metric": "container_network_transmit_errors_total"
          },
          "sensitive_attributes": []
        },
        {
          "index_key": "container_network_transmit_packets_dropped_total",
          "schema_version": 0,
          "attributes": {
            "aggregation_delay": "",
            "aggregation_interval": "",
            "aggregations": [
              "sum:counter"
            ],
            "auto_import": true,
            "drop": false,
            "drop_labels": [
              "id",
              "instance",
              "interface",
              "name",
              "namespace",
              "node",
              "pod",
              "service"
            ],
            "keep_labels": [],
            "match_type": "",
            "metric": "container_network_transmit_packets_dropped_total"
          },
          "sensitive_attributes": []
        },
        {
          "index_key": "container_network_transmit_packets_total",
          "schema_version": 0,
          "attributes": {
            "aggregation_delay": "",
            "aggregation_interval": "",
            "aggregations": [
              "sum:counter"
            ],
            "auto_import": true,
            "drop": false,
            "drop_labels": [
              "id",
              "instance",
              "interface",
              "name",
              "namespace",
              "node",
              "pod",
              "service"
            ],
            "keep_labels": [],
            "match_type": "",
            "metric": "container_network_transmit_packets_total"
          },
          "sensitive_attributes": []
        },
        {
          "index_key": "container_oom_events_total",
          "schema_version": 0,
          "attributes": {
            "aggregation_delay": "",
            "aggregation_interval": "",
            "aggregations": [
              "sum:counter"
            ],
            "auto_import": true,
            "drop": false,
            "drop_labels": [
              "container",
              "id",
              "image",
              "instance",
              "name",
              "namespace",
              "node",
              "pod",
              "service"
            ],
            "keep_labels": [],
            "match_type": "",
            "metric": "container_oom_events_total"
          },
          "sensitive_attributes": []
        },
        {
          "index_key": "container_processes",
          "schema_version": 0,
          "attributes": {
            "aggregation_delay": "",
            "aggregation_interval": "",
            "aggregations": [
              "count",
              "sum"
            ],
            "auto_import": true,
            "drop": false,
            "drop_labels": [
              "container",
              "id",
              "image",
              "instance",
              "name",
              "namespace",
              "node",
              "pod",
              "service"
            ],
            "keep_labels": [],
            "match_type": "",
            "metric": "container_processes"
          },
          "sensitive_attributes": []
        },
        {
          "index_key": "container_sockets",
          "schema_version": 0,
          "attributes": {
            "aggregation_delay": "",
            "aggregation_interval": "",
            "aggregations": [
              "count",
              "sum"
            ],
            "auto_import": true,
            "drop": false,
            "drop_labels": [
              "container",
              "id",
              "image",
              "instance",
              "name",
              "namespace",
              "node",
              "pod",
              "service"
            ],
            "keep_labels": [],
            "match_type": "",
            "metric": "container_sockets"
          },
          "sensitive_attributes": []
        },
        {
          "index_key": "container_start_time_seconds",
          "schema_version": 0,
          "attributes": {
            "aggregation_delay": "",
            "aggregation_interval": "",
            "aggregations": [
              "count",
              "sum"
            ],
            "auto_import": true,
            "drop": false,
            "drop_labels": [
              "container",
              "id",
              "image",
              "instance",
              "name",
              "namespace",
              "node",
              "pod",
              "service"
            ],
            "keep_labels": [],
            "match_type": "",
            "metric": "container_start_time_seconds"
          },
          "sensitive_attributes": []
        },
        {
          "index_key": "container_threads",
          "schema_version": 0,
          "attributes": {
            "aggregation_delay": "",
            "aggregation_interval": "",
            "aggregations": [
              "count",
              "sum"
            ],
            "auto_import": true,
            "drop": false,
            "drop_labels": [
              "container",
              "id",
              "image",
              "instance",
              "name",
              "namespace",
              "node",
              "pod",
              "service"
            ],
            "keep_labels": [],
            "match_type": "",
            "metric": "container_threads"
          },
          "sensitive_attributes": []
        },
        {
          "index_key": "container_ulimits_soft",
          "schema_version": 0,
          "attributes": {
            "aggregation_delay": "",
            "aggregation_interval": "",
            "aggregations": [
              "count",
              "sum"
            ],
            "auto_import": true,
            "drop": false,
            "drop_labels": [
              "container",
              "id",
              "image",
              "instance",
              "name",
              "namespace",
              "node",
              "pod",
              "service"
            ],
            "keep_labels": [],
            "match_type": "",
            "metric": "container_ulimits_soft"
          },
          "sensitive_attributes": []
        },
        {
          "index_key": "csi_operations_seconds_bucket",
          "schema_version": 0,
          "attributes": {
            "aggregation_delay": "",
            "aggregation_interval": "",
            "aggregations": [
              "sum:counter"
            ],
            "auto_import": true,
            "drop": false,
            "drop_labels": [
              "grpc_status_code",
              "instance",
              "method_name",
              "node",
              "service"
            ],
            "keep_labels": [],
            "match_type": "",
            "metric": "csi_operations_seconds_bucket"
          },
          "sensitive_attributes": []
        },
        {
          "index_key": "etcd_request_duration_seconds_bucket",
          "schema_version": 0,
          "attributes": {
            "aggregation_delay": "",
            "aggregation_interval": "",
            "aggregations": [
              "sum:counter"
            ],
            "auto_import": true,
            "drop": false,
            "drop_labels": [
              "operation",
              "type"
            ],
            "keep_labels": [],
            "match_type": "",
            "metric": "etcd_request_duration_seconds_bucket"
          },
          "sensitive_attributes": []
        },
        {
          "index_key": "etcd_request_duration_seconds_count",
          "schema_version": 0,
          "attributes": {
            "aggregation_delay": "",
            "aggregation_interval": "",
            "aggregations": [
              "sum:counter"
            ],
            "auto_import": true,
            "drop": false,
            "drop_labels": [
              "operation",
              "type"
            ],
            "keep_labels": [],
            "match_type": "",
            "metric": "etcd_request_duration_seconds_count"
          },
          "sensitive_attributes": []
        },
        {
          "index_key": "etcd_request_duration_seconds_sum",
          "schema_version": 0,
          "attributes": {
            "aggregation_delay": "",
            "aggregation_interval": "",
            "aggregations": [
              "sum:counter"
            ],
            "auto_import": true,
            "drop": false,
            "drop_labels": [
              "operation",
              "type"
            ],
            "keep_labels": [],
            "match_type": "",
            "metric": "etcd_request_duration_seconds_sum"
          },
          "sensitive_attributes": []
        },
        {
          "index_key": "kube_pod_status_qos_class",
          "schema_version": 0,
          "attributes": {
            "aggregation_delay": "",
            "aggregation_interval": "",
            "aggregations": [
              "count",
              "sum"
            ],
            "auto_import": true,
            "drop": false,
            "drop_labels": [
              "namespace",
              "pod",
              "qos_class",
              "uid"
            ],
            "keep_labels": [],
            "match_type": "",
            "metric": "kube_pod_status_qos_class"
          },
          "sensitive_attributes": []
        },
        {
          "index_key": "kube_pod_status_ready",
          "schema_version": 0,
          "attributes": {
            "aggregation_delay": "",
            "aggregation_interval": "",
            "aggregations": [
              "count",
              "sum"
            ],
            "auto_import": true,
            "drop": false,
            "drop_labels": [
              "condition",
              "namespace",
              "pod",
              "uid"
            ],
            "keep_labels": [],
            "match_type": "",
            "metric": "kube_pod_status_ready"
          },
          "sensitive_attributes": []
        },
        {
          "index_key": "kube_pod_status_reason",
          "schema_version": 0,
          "attributes": {
            "aggregation_delay": "",
            "aggregation_interval": "",
            "aggregations": [
              "count",
              "sum"
            ],
            "auto_import": true,
            "drop": false,
            "drop_labels": [
              "namespace",
              "pod",
              "reason",
              "uid"
            ],
            "keep_labels": [],
            "match_type": "",
            "metric": "kube_pod_status_reason"
          },
          "sensitive_attributes": []
        },
        {
          "index_key": "kube_pod_status_scheduled",
          "schema_version": 0,
          "attributes": {
            "aggregation_delay": "",
            "aggregation_interval": "",
            "aggregations": [
              "count",
              "sum"
            ],
            "auto_import": true,
            "drop": false,
            "drop_labels": [
              "condition",
              "namespace",
              "pod",
              "uid"
            ],
            "keep_labels": [],
            "match_type": "",
            "metric": "kube_pod_status_scheduled"
          },
          "sensitive_attributes": []
        },
        {
          "index_key": "kube_pod_tolerations",
          "schema_version": 0,
          "attributes": {
            "aggregation_delay": "",
            "aggregation_interval": "",
            "aggregations": [
              "count",
              "sum"
            ],
            "auto_import": true,
            "drop": false,
            "drop_labels": [
              "effect",
              "key",
              "namespace",
              "operator",
              "pod",
              "toleration_seconds",
              "uid"
            ],
            "keep_labels": [],
            "match_type": "",
            "metric": "kube_pod_tolerations"
          },
          "sensitive_attributes": []
        },
        {
          "index_key": "kubelet_cgroup_manager_duration_seconds_bucket",
          "schema_version": 0,
          "attributes": {
            "aggregation_delay": "",
            "aggregation_interval": "",
            "aggregations": [
              "sum:counter"
            ],
            "auto_import": true,
            "drop": false,
            "drop_labels": [
              "instance",
              "node",
              "operation_type",
              "service"
            ],
            "keep_labels": [],
            "match_type": "",
            "metric": "kubelet_cgroup_manager_duration_seconds_bucket"
          },
          "sensitive_attributes": []
        },
        {
          "index_key": "kubelet_container_log_filesystem_used_bytes",
          "schema_version": 0,
          "attributes": {
            "aggregation_delay": "",
            "aggregation_interval": "",
            "aggregations": [
              "count",
              "sum"
            ],
            "auto_import": true,
            "drop": false,
            "drop_labels": [
              "container",
              "instance",
              "namespace",
              "node",
              "pod",
              "service",
              "uid"
            ],
            "keep_labels": [],
            "match_type": "",
            "metric": "kubelet_container_log_filesystem_used_bytes"
          },
          "sensitive_attributes": []
        },
        {
          "index_key": "kubelet_http_requests_duration_seconds_bucket",
          "schema_version": 0,
          "attributes": {
            "aggregation_delay": "",
            "aggregation_interval": "",
            "aggregations": [
              "sum:counter"
            ],
            "auto_import": true,
            "drop": false,
            "drop_labels": [
              "instance",
              "long_running",
              "method",
              "node",
              "path",
              "service"
            ],
            "keep_labels": [],
            "match_type": "",
            "metric": "kubelet_http_requests_duration_seconds_bucket"
          },
          "sensitive_attributes": []
        },
        {
          "index_key": "kubelet_pod_start_duration_seconds_bucket",
          "schema_version": 0,
          "attributes": {
            "aggregation_delay": "",
            "aggregation_interval": "",
            "aggregations": [
              "sum:counter"
            ],
            "auto_import": true,
            "drop": false,
            "drop_labels": [
              "instance",
              "node",
              "service"
            ],
            "keep_labels": [],
            "match_type": "",
            "metric": "kubelet_pod_start_duration_seconds_bucket"
          },
          "sensitive_attributes": []
        },
        {
          "index_key": "kubelet_pod_start_sli_duration_seconds_bucket",
          "schema_version": 0,
          "attributes": {
            "aggregation_delay": "",
            "aggregation_interval": "",
            "aggregations": [
              "sum:counter"
            ],
            "auto_import": true,
            "drop": false,
            "drop_labels": [
              "instance",
              "node",
              "service"
            ],
            "keep_labels": [],
            "match_type": "",
            "metric": "kubelet_pod_start_sli_duration_seconds_bucket"
          },
          "sensitive_attributes": []
        },
        {
          "index_key": "kubelet_pod_start_total_duration_seconds_bucket",
          "schema_version": 0,
          "attributes": {
            "aggregation_delay": "",
            "aggregation_interval": "",
            "aggregations": [
              "sum:counter"
            ],
            "auto_import": true,
            "drop": false,
            "drop_labels": [
              "instance",
              "node",
              "service"
            ],
            "keep_labels": [],
            "match_type": "",
            "metric": "kubelet_pod_start_total_duration_seconds_bucket"
          },
          "sensitive_attributes": []
        },
        {
          "index_key": "kubelet_pod_worker_duration_seconds_bucket",
          "schema_version": 0,
          "attributes": {
            "aggregation_delay": "",
            "aggregation_interval": "",
            "aggregations": [
              "sum:counter"
            ],
            "auto_import": true,
            "drop": false,
            "drop_labels": [
              "instance",
              "node",
              "operation_type",
              "service"
            ],
            "keep_labels": [],
            "match_type": "",
            "metric": "kubelet_pod_worker_duration_seconds_bucket"
          },
          "sensitive_attributes": []
        },
        {
          "index_key": "kubelet_runtime_operations_duration_seconds_bucket",
          "schema_version": 0,
          "attributes": {
            "aggregation_delay": "",
            "aggregation_interval": "",
            "aggregations": [
              "sum:counter"
            ],
            "auto_import": true,
            "drop": false,
            "drop_labels": [
              "instance",
              "node",
              "operation_type",
              "service"
            ],
            "keep_labels": [],
            "match_type": "",
            "metric": "kubelet_runtime_operations_duration_seconds_bucket"
          },
          "sensitive_attributes": []
        },
        {
          "index_key": "kubelet_runtime_operations_duration_seconds_count",
          "schema_version": 0,
          "attributes": {
            "aggregation_delay": "",
            "aggregation_interval": "",
            "aggregations": [
              "sum:counter"
            ],
            "auto_import": true,
            "drop": false,
            "drop_labels": [
              "instance",
              "node",
              "operation_type",
              "service"
            ],
            "keep_labels": [],
            "match_type": "",
            "metric": "kubelet_runtime_operations_duration_seconds_count"
          },
          "sensitive_attributes": []
        },
        {
          "index_key": "kubelet_runtime_operations_duration_seconds_sum",
          "schema_version": 0,
          "attributes": {
            "aggregation_delay": "",
            "aggregation_interval": "",
            "aggregations": [
              "sum:counter"
            ],
            "auto_import": true,
            "drop": false,
            "drop_labels": [
              "instance",
              "node",
              "operation_type",
              "service"
            ],
            "keep_labels": [],
            "match_type": "",
            "metric": "kubelet_runtime_operations_duration_seconds_sum"
          },
          "sensitive_attributes": []
        },
        {
          "index_key": "kubelet_runtime_operations_total",
          "schema_version": 0,
          "attributes": {
            "aggregation_delay": "",
            "aggregation_interval": "",
            "aggregations": [
              "sum:counter"
            ],
            "auto_import": true,
            "drop": false,
            "drop_labels": [
              "instance",
              "node",
              "operation_type",
              "service"
            ],
            "keep_labels": [],
            "match_type": "",
            "metric": "kubelet_runtime_operations_total"
          },
          "sensitive_attributes": []
        },
        {
          "index_key": "kubelet_volume_metric_collection_duration_seconds_bucket",
          "schema_version": 0,
          "attributes": {
            "aggregation_delay": "",
            "aggregation_interval": "",
            "aggregations": [
              "sum:counter"
            ],
            "auto_import": true,
            "drop": false,
            "drop_labels": [
              "instance",
              "metric_source",
              "node",
              "service"
            ],
            "keep_labels": [],
            "match_type": "",
            "metric": "kubelet_volume_metric_collection_duration_seconds_bucket"
          },
          "sensitive_attributes": []
        },
        {
          "index_key": "kubernetes_feature_enabled",
          "schema_version": 0,
          "attributes": {
            "aggregation_delay": "",
            "aggregation_interval": "",
            "aggregations": [
              "count",
              "sum"
            ],
            "auto_import": true,
            "drop": false,
            "drop_labels": [
              "endpoint",
              "instance",
              "metrics_path",
              "name",
              "namespace",
              "node",
              "service",
              "stage"
            ],
            "keep_labels": [],
            "match_type": "",
            "metric": "kubernetes_feature_enabled"
          },
          "sensitive_attributes": []
        },
        {
          "index_key": "node_namespace_pod_container:container_memory_cache",
          "schema_version": 0,
          "attributes": {
            "aggregation_delay": "",
            "aggregation_interval": "",
            "aggregations": [
              "count",
              "sum"
            ],
            "auto_import": true,
            "drop": false,
            "drop_labels": [
              "container",
              "id",
              "image",
              "instance",
              "name",
              "namespace",
              "node",
              "pod",
              "service"
            ],
            "keep_labels": [],
            "match_type": "",
            "metric": "node_namespace_pod_container:container_memory_cache"
          },
          "sensitive_attributes": []
        },
        {
          "index_key": "node_namespace_pod_container:container_memory_rss",
          "schema_version": 0,
          "attributes": {
            "aggregation_delay": "",
            "aggregation_interval": "",
            "aggregations": [
              "count",
              "sum"
            ],
            "auto_import": true,
            "drop": false,
            "drop_labels": [
              "container",
              "id",
              "image",
              "instance",
              "name",
              "namespace",
              "node",
              "pod",
              "service"
            ],
            "keep_labels": [],
            "match_type": "",
            "metric": "node_namespace_pod_container:container_memory_rss"
          },
          "sensitive_attributes": []
        },
        {
          "index_key": "node_nfs_requests_total",
          "schema_version": 0,
          "attributes": {
            "aggregation_delay": "",
            "aggregation_interval": "",
            "aggregations": [
              "sum:counter"
            ],
            "auto_import": true,
            "drop": false,
            "drop_labels": [
              "instance",
              "method",
              "pod",
              "proto"
            ],
            "keep_labels": [],
            "match_type": "",
            "metric": "node_nfs_requests_total"
          },
          "sensitive_attributes": []
        },
        {
          "index_key": "node_scrape_collector_duration_seconds",
          "schema_version": 0,
          "attributes": {
            "aggregation_delay": "",
            "aggregation_interval": "",
            "aggregations": [
              "count",
              "sum"
            ],
            "auto_import": true,
            "drop": false,
            "drop_labels": [
              "collector",
              "instance",
              "pod"
            ],
            "keep_labels": [],
            "match_type": "",
            "metric": "node_scrape_collector_duration_seconds"
          },
          "sensitive_attributes": []
        },
        {
          "index_key": "node_scrape_collector_success",
          "schema_version": 0,
          "attributes": {
            "aggregation_delay": "",
            "aggregation_interval": "",
            "aggregations": [
              "count",
              "sum"
            ],
            "auto_import": true,
            "drop": false,
            "drop_labels": [
              "collector",
              "instance",
              "pod"
            ],
            "keep_labels": [],
            "match_type": "",
            "metric": "node_scrape_collector_success"
          },
          "sensitive_attributes": []
        },
        {
          "index_key": "prober_probe_duration_seconds_bucket",
          "schema_version": 0,
          "attributes": {
            "aggregation_delay": "",
            "aggregation_interval": "",
            "aggregations": [
              "sum:counter"
            ],
            "auto_import": true,
            "drop": false,
            "drop_labels": [
              "container",
              "instance",
              "namespace",
              "node",
              "pod",
              "probe_type",
              "service"
            ],
            "keep_labels": [],
            "match_type": "",
            "metric": "prober_probe_duration_seconds_bucket"
          },
          "sensitive_attributes": []
        },
        {
          "index_key": "prober_probe_duration_seconds_count",
          "schema_version": 0,
          "attributes": {
            "aggregation_delay": "",
            "aggregation_interval": "",
            "aggregations": [
              "sum:counter"
            ],
            "auto_import": true,
            "drop": false,
            "drop_labels": [
              "container",
              "instance",
              "namespace",
              "node",
              "pod",
              "probe_type",
              "service"
            ],
            "keep_labels": [],
            "match_type": "",
            "metric": "prober_probe_duration_seconds_count"
          },
          "sensitive_attributes": []
        },
        {
          "index_key": "prober_probe_duration_seconds_sum",
          "schema_version": 0,
          "attributes": {
            "aggregation_delay": "",
            "aggregation_interval": "",
            "aggregations": [
              "sum:counter"
            ],
            "auto_import": true,
            "drop": false,
            "drop_labels": [
              "container",
              "instance",
              "namespace",
              "node",
              "pod",
              "probe_type",
              "service"
            ],
            "keep_labels": [],
            "match_type": "",
            "metric": "prober_probe_duration_seconds_sum"
          },
          "sensitive_attributes": []
        },
        {
          "index_key": "prober_probe_total",
          "schema_version": 0,
          "attributes": {
            "aggregation_delay": "",
            "aggregation_interval": "",
            "aggregations": [
              "sum:counter"
            ],
            "auto_import": true,
            "drop": false,
            "drop_labels": [
              "container",
              "instance",
              "namespace",
              "node",
              "pod",
              "pod_uid",
              "probe_type",
              "result",
              "service"
            ],
            "keep_labels": [],
            "match_type": "",
            "metric": "prober_probe_total"
          },
          "sensitive_attributes": []
        },
        {
          "index_key": "rest_client_rate_limiter_duration_seconds_bucket",
          "schema_version": 0,
          "attributes": {
            "aggregation_delay": "",
            "aggregation_interval": "",
            "aggregations": [
              "sum:counter"
            ],
            "auto_import": true,
            "drop": false,
            "drop_labels": [
              "instance",
              "node",
              "service",
              "verb"
            ],
            "keep_labels": [],
            "match_type": "",
            "metric": "rest_client_rate_limiter_duration_seconds_bucket"
          },
          "sensitive_attributes": []
        },
        {
          "index_key": "rest_client_request_duration_seconds_bucket",
          "schema_version": 0,
          "attributes": {
            "aggregation_delay": "",
            "aggregation_interval": "",
            "aggregations": [
              "sum:counter"
            ],
            "auto_import": true,
            "drop": false,
            "drop_labels": [
              "endpoint",
              "host",
              "instance",
              "metrics_path",
              "namespace",
              "node",
              "service",
              "verb"
            ],
            "keep_labels": [],
            "match_type": "",
            "metric": "rest_client_request_duration_seconds_bucket"
          },
          "sensitive_attributes": []
        },
        {
          "index_key": "rest_client_request_size_bytes_bucket",
          "schema_version": 0,
          "attributes": {
            "aggregation_delay": "",
            "aggregation_interval": "",
            "aggregations": [
              "sum:counter"
            ],
            "auto_import": true,
            "drop": false,
            "drop_labels": [
              "endpoint",
              "host",
              "instance",
              "metrics_path",
              "namespace",
              "node",
              "service",
              "verb"
            ],
            "keep_labels": [],
            "match_type": "",
            "metric": "rest_client_request_size_bytes_bucket"
          },
          "sensitive_attributes": []
        },
        {
          "index_key": "rest_client_response_size_bytes_bucket",
          "schema_version": 0,
          "attributes": {
            "aggregation_delay": "",
            "aggregation_interval": "",
            "aggregations": [
              "sum:counter"
            ],
            "auto_import": true,
            "drop": false,
            "drop_labels": [
              "endpoint",
              "host",
              "instance",
              "metrics_path",
              "namespace",
              "node",
              "service",
              "verb"
            ],
            "keep_labels": [],
            "match_type": "",
            "metric": "rest_client_response_size_bytes_bucket"
          },
          "sensitive_attributes": []
        },
        {
          "index_key": "storage_operation_duration_seconds_bucket",
          "schema_version": 0,
          "attributes": {
            "aggregation_delay": "",
            "aggregation_interval": "",
            "aggregations": [
              "sum:counter"
            ],
            "auto_import": true,
            "drop": false,
            "drop_labels": [
              "instance",
              "node",
              "operation_name",
              "service",
              "status",
              "volume_plugin"
            ],
            "keep_labels": [],
            "match_type": "",
            "metric": "storage_operation_duration_seconds_bucket"
          },
          "sensitive_attributes": []
        },
        {
          "index_key": "storage_operation_duration_seconds_count",
          "schema_version": 0,
          "attributes": {
            "aggregation_delay": "",
            "aggregation_interval": "",
            "aggregations": [
              "sum:counter"
            ],
            "auto_import": true,
            "drop": false,
            "drop_labels": [
              "instance",
              "node",
              "operation_name",
              "service",
              "status",
              "volume_plugin"
            ],
            "keep_labels": [],
            "match_type": "",
            "metric": "storage_operation_duration_seconds_count"
          },
          "sensitive_attributes": []
        },
        {
          "index_key": "storage_operation_duration_seconds_sum",
          "schema_version": 0,
          "attributes": {
            "aggregation_delay": "",
            "aggregation_interval": "",
            "aggregations": [
              "sum:counter"
            ],
            "auto_import": true,
            "drop": false,
            "drop_labels": [
              "instance",
              "node",
              "operation_name",
              "service",
              "status",
              "volume_plugin"
            ],
            "keep_labels": [],
            "match_type": "",
            "metric": "storage_operation_duration_seconds_sum"
          },
          "sensitive_attributes": []
        },
        {
          "index_key": "volume_operation_total_seconds_bucket",
          "schema_version": 0,
          "attributes": {
            "aggregation_delay": "",
            "aggregation_interval": "",
            "aggregations": [
              "sum:counter"
            ],
            "auto_import": true,
            "drop": false,
            "drop_labels": [
              "instance",
              "node",
              "plugin_name",
              "service"
            ],
            "keep_labels": [],
            "match_type": "",
            "metric": "volume_operation_total_seconds_bucket"
          },
          "sensitive_attributes": []
        },
        {
          "index_key": "watch_cache_capacity",
          "schema_version": 0,
          "attributes": {
            "aggregation_delay": "",
            "aggregation_interval": "",
            "aggregations": [
              "count",
              "sum"
            ],
            "auto_import": true,
            "drop": false,
            "drop_labels": [
              "resource"
            ],
            "keep_labels": [],
            "match_type": "",
            "metric": "watch_cache_capacity"
          },
          "sensitive_attributes": []
        },
        {
          "index_key": "workqueue_queue_duration_seconds_bucket",
          "schema_version": 0,
          "attributes": {
            "aggregation_delay": "",
            "aggregation_interval": "",
            "aggregations": [
              "sum:counter"
            ],
            "auto_import": true,
            "drop": false,
            "drop_labels": [
              "endpoint",
              "instance",
              "metrics_path",
              "name",
              "namespace",
              "node",
              "service"
            ],
            "keep_labels": [],
            "match_type": "",
            "metric": "workqueue_queue_duration_seconds_bucket"
          },
          "sensitive_attributes": []
        },
        {
          "index_key": "workqueue_work_duration_seconds_bucket",
          "schema_version": 0,
          "attributes": {
            "aggregation_delay": "",
            "aggregation_interval": "",
            "aggregations": [
              "sum:counter"
            ],
            "auto_import": true,
            "drop": false,
            "drop_labels": [
              "endpoint",
              "instance",
              "metrics_path",
              "name",
              "namespace",
              "node",
              "service"
            ],
            "keep_labels": [],
            "match_type": "",
            "metric": "workqueue_work_duration_seconds_bucket"
          },
          "sensitive_attributes": []
        }
      ]
    }
  ],
  "check_results": null
}
